
Microsoft Visual Studio Solution File, Format Version 12.00
# Visual Studio 15
VisualStudioVersion = 15.0.27703.2047
MinimumVisualStudioVersion = 10.0.40219.1
Project("{FAE04EC0-301F-11D3-BF4B-00C04F79EFBC}") = "Sales.Android", "Sales\Sales.Android\Sales.Android.csproj", "{4637C36D-2970-40EB-9AAA-9AB04F6B9C63}"
EndProject
Project("{FAE04EC0-301F-11D3-BF4B-00C04F79EFBC}") = "Sales.iOS", "Sales\Sales.iOS\Sales.iOS.csproj", "{26C827A9-DFC7-4D8B-BEE2-7ECF99A0226E}"
EndProject
Project("{FAE04EC0-301F-11D3-BF4B-00C04F79EFBC}") = "Sales.UWP", "Sales\Sales.UWP\Sales.UWP.csproj", "{63B79645-714D-4C70-8D97-50A37D593E98}"
EndProject
Project("{FAE04EC0-301F-11D3-BF4B-00C04F79EFBC}") = "Sales", "Sales\Sales\Sales.csproj", "{97C629CD-DF86-4330-A6CA-9B88975AA55D}"
EndProject
Project("{FAE04EC0-301F-11D3-BF4B-00C04F79EFBC}") = "Sales.Backend", "Sales.Backend\Sales.Backend.csproj", "{94AC90AB-C2AE-46DF-95EB-71D800178BF5}"
EndProject
Project("{FAE04EC0-301F-11D3-BF4B-00C04F79EFBC}") = "Sales.API", "Sales.API\Sales.API.csproj", "{C16FDB6F-0899-494D-8BCC-9F0443427D3E}"
EndProject
Project("{FAE04EC0-301F-11D3-BF4B-00C04F79EFBC}") = "Sales.Domain", "Sales.Domain\Sales.Domain.csproj", "{474B898B-27E3-4521-88FB-0F3270F938BD}"
EndProject
Project("{FAE04EC0-301F-11D3-BF4B-00C04F79EFBC}") = "sales.Common", "sales.Common\sales.Common.csproj", "{84851F08-F6CC-446A-A281-F63677CB580A}"
EndProject
Global
	GlobalSection(SolutionConfigurationPlatforms) = preSolution
		Ad-Hoc|Any CPU = Ad-Hoc|Any CPU
		Ad-Hoc|ARM = Ad-Hoc|ARM
		Ad-Hoc|iPhone = Ad-Hoc|iPhone
		Ad-Hoc|iPhoneSimulator = Ad-Hoc|iPhoneSimulator
		Ad-Hoc|x64 = Ad-Hoc|x64
		Ad-Hoc|x86 = Ad-Hoc|x86
		AppStore|Any CPU = AppStore|Any CPU
		AppStore|ARM = AppStore|ARM
		AppStore|iPhone = AppStore|iPhone
		AppStore|iPhoneSimulator = AppStore|iPhoneSimulator
		AppStore|x64 = AppStore|x64
		AppStore|x86 = AppStore|x86
		Debug|Any CPU = Debug|Any CPU
		Debug|ARM = Debug|ARM
		Debug|iPhone = Debug|iPhone
		Debug|iPhoneSimulator = Debug|iPhoneSimulator
		Debug|x64 = Debug|x64
		Debug|x86 = Debug|x86
		Release|Any CPU = Release|Any CPU
		Release|ARM = Release|ARM
		Release|iPhone = Release|iPhone
		Release|iPhoneSimulator = Release|iPhoneSimulator
		Release|x64 = Release|x64
		Release|x86 = Release|x86
	EndGlobalSection
	GlobalSection(ProjectConfigurationPlatforms) = postSolution
		{4637C36D-2970-40EB-9AAA-9AB04F6B9C63}.Ad-Hoc|Any CPU.ActiveCfg = Release|Any CPU
		{4637C36D-2970-40EB-9AAA-9AB04F6B9C63}.Ad-Hoc|Any CPU.Build.0 = Release|Any CPU
		{4637C36D-2970-40EB-9AAA-9AB04F6B9C63}.Ad-Hoc|Any CPU.Deploy.0 = Release|Any CPU
		{4637C36D-2970-40EB-9AAA-9AB04F6B9C63}.Ad-Hoc|ARM.ActiveCfg = Release|Any CPU
		{4637C36D-2970-40EB-9AAA-9AB04F6B9C63}.Ad-Hoc|ARM.Build.0 = Release|Any CPU
		{4637C36D-2970-40EB-9AAA-9AB04F6B9C63}.Ad-Hoc|ARM.Deploy.0 = Release|Any CPU
		{4637C36D-2970-40EB-9AAA-9AB04F6B9C63}.Ad-Hoc|iPhone.ActiveCfg = Release|Any CPU
		{4637C36D-2970-40EB-9AAA-9AB04F6B9C63}.Ad-Hoc|iPhone.Build.0 = Release|Any CPU
		{4637C36D-2970-40EB-9AAA-9AB04F6B9C63}.Ad-Hoc|iPhone.Deploy.0 = Release|Any CPU
		{4637C36D-2970-40EB-9AAA-9AB04F6B9C63}.Ad-Hoc|iPhoneSimulator.ActiveCfg = Release|Any CPU
		{4637C36D-2970-40EB-9AAA-9AB04F6B9C63}.Ad-Hoc|iPhoneSimulator.Build.0 = Release|Any CPU
		{4637C36D-2970-40EB-9AAA-9AB04F6B9C63}.Ad-Hoc|iPhoneSimulator.Deploy.0 = Release|Any CPU
		{4637C36D-2970-40EB-9AAA-9AB04F6B9C63}.Ad-Hoc|x64.ActiveCfg = Release|Any CPU
		{4637C36D-2970-40EB-9AAA-9AB04F6B9C63}.Ad-Hoc|x64.Build.0 = Release|Any CPU
		{4637C36D-2970-40EB-9AAA-9AB04F6B9C63}.Ad-Hoc|x64.Deploy.0 = Release|Any CPU
		{4637C36D-2970-40EB-9AAA-9AB04F6B9C63}.Ad-Hoc|x86.ActiveCfg = Release|Any CPU
		{4637C36D-2970-40EB-9AAA-9AB04F6B9C63}.Ad-Hoc|x86.Build.0 = Release|Any CPU
		{4637C36D-2970-40EB-9AAA-9AB04F6B9C63}.Ad-Hoc|x86.Deploy.0 = Release|Any CPU
		{4637C36D-2970-40EB-9AAA-9AB04F6B9C63}.AppStore|Any CPU.ActiveCfg = Release|Any CPU
		{4637C36D-2970-40EB-9AAA-9AB04F6B9C63}.AppStore|Any CPU.Build.0 = Release|Any CPU
		{4637C36D-2970-40EB-9AAA-9AB04F6B9C63}.AppStore|Any CPU.Deploy.0 = Release|Any CPU
		{4637C36D-2970-40EB-9AAA-9AB04F6B9C63}.AppStore|ARM.ActiveCfg = Release|Any CPU
		{4637C36D-2970-40EB-9AAA-9AB04F6B9C63}.AppStore|ARM.Build.0 = Release|Any CPU
		{4637C36D-2970-40EB-9AAA-9AB04F6B9C63}.AppStore|ARM.Deploy.0 = Release|Any CPU
		{4637C36D-2970-40EB-9AAA-9AB04F6B9C63}.AppStore|iPhone.ActiveCfg = Release|Any CPU
		{4637C36D-2970-40EB-9AAA-9AB04F6B9C63}.AppStore|iPhone.Build.0 = Release|Any CPU
		{4637C36D-2970-40EB-9AAA-9AB04F6B9C63}.AppStore|iPhone.Deploy.0 = Release|Any CPU
		{4637C36D-2970-40EB-9AAA-9AB04F6B9C63}.AppStore|iPhoneSimulator.ActiveCfg = Release|Any CPU
		{4637C36D-2970-40EB-9AAA-9AB04F6B9C63}.AppStore|iPhoneSimulator.Build.0 = Release|Any CPU
		{4637C36D-2970-40EB-9AAA-9AB04F6B9C63}.AppStore|iPhoneSimulator.Deploy.0 = Release|Any CPU
		{4637C36D-2970-40EB-9AAA-9AB04F6B9C63}.AppStore|x64.ActiveCfg = Release|Any CPU
		{4637C36D-2970-40EB-9AAA-9AB04F6B9C63}.AppStore|x64.Build.0 = Release|Any CPU
		{4637C36D-2970-40EB-9AAA-9AB04F6B9C63}.AppStore|x64.Deploy.0 = Release|Any CPU
		{4637C36D-2970-40EB-9AAA-9AB04F6B9C63}.AppStore|x86.ActiveCfg = Release|Any CPU
		{4637C36D-2970-40EB-9AAA-9AB04F6B9C63}.AppStore|x86.Build.0 = Release|Any CPU
		{4637C36D-2970-40EB-9AAA-9AB04F6B9C63}.AppStore|x86.Deploy.0 = Release|Any CPU
		{4637C36D-2970-40EB-9AAA-9AB04F6B9C63}.Debug|Any CPU.ActiveCfg = Debug|Any CPU
		{4637C36D-2970-40EB-9AAA-9AB04F6B9C63}.Debug|Any CPU.Build.0 = Debug|Any CPU
		{4637C36D-2970-40EB-9AAA-9AB04F6B9C63}.Debug|Any CPU.Deploy.0 = Debug|Any CPU
		{4637C36D-2970-40EB-9AAA-9AB04F6B9C63}.Debug|ARM.ActiveCfg = Debug|Any CPU
		{4637C36D-2970-40EB-9AAA-9AB04F6B9C63}.Debug|ARM.Build.0 = Debug|Any CPU
		{4637C36D-2970-40EB-9AAA-9AB04F6B9C63}.Debug|ARM.Deploy.0 = Debug|Any CPU
		{4637C36D-2970-40EB-9AAA-9AB04F6B9C63}.Debug|iPhone.ActiveCfg = Debug|Any CPU
		{4637C36D-2970-40EB-9AAA-9AB04F6B9C63}.Debug|iPhone.Build.0 = Debug|Any CPU
		{4637C36D-2970-40EB-9AAA-9AB04F6B9C63}.Debug|iPhone.Deploy.0 = Debug|Any CPU
		{4637C36D-2970-40EB-9AAA-9AB04F6B9C63}.Debug|iPhoneSimulator.ActiveCfg = Debug|Any CPU
		{4637C36D-2970-40EB-9AAA-9AB04F6B9C63}.Debug|iPhoneSimulator.Build.0 = Debug|Any CPU
		{4637C36D-2970-40EB-9AAA-9AB04F6B9C63}.Debug|iPhoneSimulator.Deploy.0 = Debug|Any CPU
		{4637C36D-2970-40EB-9AAA-9AB04F6B9C63}.Debug|x64.ActiveCfg = Debug|Any CPU
		{4637C36D-2970-40EB-9AAA-9AB04F6B9C63}.Debug|x64.Build.0 = Debug|Any CPU
		{4637C36D-2970-40EB-9AAA-9AB04F6B9C63}.Debug|x64.Deploy.0 = Debug|Any CPU
		{4637C36D-2970-40EB-9AAA-9AB04F6B9C63}.Debug|x86.ActiveCfg = Debug|Any CPU
		{4637C36D-2970-40EB-9AAA-9AB04F6B9C63}.Debug|x86.Build.0 = Debug|Any CPU
		{4637C36D-2970-40EB-9AAA-9AB04F6B9C63}.Debug|x86.Deploy.0 = Debug|Any CPU
		{4637C36D-2970-40EB-9AAA-9AB04F6B9C63}.Release|Any CPU.ActiveCfg = Release|Any CPU
		{4637C36D-2970-40EB-9AAA-9AB04F6B9C63}.Release|Any CPU.Build.0 = Release|Any CPU
		{4637C36D-2970-40EB-9AAA-9AB04F6B9C63}.Release|Any CPU.Deploy.0 = Release|Any CPU
		{4637C36D-2970-40EB-9AAA-9AB04F6B9C63}.Release|ARM.ActiveCfg = Release|Any CPU
		{4637C36D-2970-40EB-9AAA-9AB04F6B9C63}.Release|ARM.Build.0 = Release|Any CPU
		{4637C36D-2970-40EB-9AAA-9AB04F6B9C63}.Release|ARM.Deploy.0 = Release|Any CPU
		{4637C36D-2970-40EB-9AAA-9AB04F6B9C63}.Release|iPhone.ActiveCfg = Release|Any CPU
		{4637C36D-2970-40EB-9AAA-9AB04F6B9C63}.Release|iPhone.Build.0 = Release|Any CPU
		{4637C36D-2970-40EB-9AAA-9AB04F6B9C63}.Release|iPhone.Deploy.0 = Release|Any CPU
		{4637C36D-2970-40EB-9AAA-9AB04F6B9C63}.Release|iPhoneSimulator.ActiveCfg = Release|Any CPU
		{4637C36D-2970-40EB-9AAA-9AB04F6B9C63}.Release|iPhoneSimulator.Build.0 = Release|Any CPU
		{4637C36D-2970-40EB-9AAA-9AB04F6B9C63}.Release|iPhoneSimulator.Deploy.0 = Release|Any CPU
		{4637C36D-2970-40EB-9AAA-9AB04F6B9C63}.Release|x64.ActiveCfg = Release|Any CPU
		{4637C36D-2970-40EB-9AAA-9AB04F6B9C63}.Release|x64.Build.0 = Release|Any CPU
		{4637C36D-2970-40EB-9AAA-9AB04F6B9C63}.Release|x64.Deploy.0 = Release|Any CPU
		{4637C36D-2970-40EB-9AAA-9AB04F6B9C63}.Release|x86.ActiveCfg = Release|Any CPU
		{4637C36D-2970-40EB-9AAA-9AB04F6B9C63}.Release|x86.Build.0 = Release|Any CPU
		{4637C36D-2970-40EB-9AAA-9AB04F6B9C63}.Release|x86.Deploy.0 = Release|Any CPU
		{26C827A9-DFC7-4D8B-BEE2-7ECF99A0226E}.Ad-Hoc|Any CPU.ActiveCfg = Ad-Hoc|iPhone
		{26C827A9-DFC7-4D8B-BEE2-7ECF99A0226E}.Ad-Hoc|Any CPU.Build.0 = Ad-Hoc|iPhone
		{26C827A9-DFC7-4D8B-BEE2-7ECF99A0226E}.Ad-Hoc|Any CPU.Deploy.0 = Ad-Hoc|iPhone
		{26C827A9-DFC7-4D8B-BEE2-7ECF99A0226E}.Ad-Hoc|ARM.ActiveCfg = Ad-Hoc|iPhone
		{26C827A9-DFC7-4D8B-BEE2-7ECF99A0226E}.Ad-Hoc|ARM.Build.0 = Ad-Hoc|iPhone
		{26C827A9-DFC7-4D8B-BEE2-7ECF99A0226E}.Ad-Hoc|ARM.Deploy.0 = Ad-Hoc|iPhone
		{26C827A9-DFC7-4D8B-BEE2-7ECF99A0226E}.Ad-Hoc|iPhone.ActiveCfg = Ad-Hoc|iPhone
		{26C827A9-DFC7-4D8B-BEE2-7ECF99A0226E}.Ad-Hoc|iPhone.Build.0 = Ad-Hoc|iPhone
		{26C827A9-DFC7-4D8B-BEE2-7ECF99A0226E}.Ad-Hoc|iPhone.Deploy.0 = Ad-Hoc|iPhone
		{26C827A9-DFC7-4D8B-BEE2-7ECF99A0226E}.Ad-Hoc|iPhoneSimulator.ActiveCfg = Ad-Hoc|iPhoneSimulator
		{26C827A9-DFC7-4D8B-BEE2-7ECF99A0226E}.Ad-Hoc|iPhoneSimulator.Build.0 = Ad-Hoc|iPhoneSimulator
		{26C827A9-DFC7-4D8B-BEE2-7ECF99A0226E}.Ad-Hoc|iPhoneSimulator.Deploy.0 = Ad-Hoc|iPhoneSimulator
		{26C827A9-DFC7-4D8B-BEE2-7ECF99A0226E}.Ad-Hoc|x64.ActiveCfg = Ad-Hoc|iPhone
		{26C827A9-DFC7-4D8B-BEE2-7ECF99A0226E}.Ad-Hoc|x64.Build.0 = Ad-Hoc|iPhone
		{26C827A9-DFC7-4D8B-BEE2-7ECF99A0226E}.Ad-Hoc|x64.Deploy.0 = Ad-Hoc|iPhone
		{26C827A9-DFC7-4D8B-BEE2-7ECF99A0226E}.Ad-Hoc|x86.ActiveCfg = Ad-Hoc|iPhone
		{26C827A9-DFC7-4D8B-BEE2-7ECF99A0226E}.Ad-Hoc|x86.Build.0 = Ad-Hoc|iPhone
		{26C827A9-DFC7-4D8B-BEE2-7ECF99A0226E}.Ad-Hoc|x86.Deploy.0 = Ad-Hoc|iPhone
		{26C827A9-DFC7-4D8B-BEE2-7ECF99A0226E}.AppStore|Any CPU.ActiveCfg = AppStore|iPhone
		{26C827A9-DFC7-4D8B-BEE2-7ECF99A0226E}.AppStore|Any CPU.Build.0 = AppStore|iPhone
		{26C827A9-DFC7-4D8B-BEE2-7ECF99A0226E}.AppStore|Any CPU.Deploy.0 = AppStore|iPhone
		{26C827A9-DFC7-4D8B-BEE2-7ECF99A0226E}.AppStore|ARM.ActiveCfg = AppStore|iPhone
		{26C827A9-DFC7-4D8B-BEE2-7ECF99A0226E}.AppStore|ARM.Build.0 = AppStore|iPhone
		{26C827A9-DFC7-4D8B-BEE2-7ECF99A0226E}.AppStore|ARM.Deploy.0 = AppStore|iPhone
		{26C827A9-DFC7-4D8B-BEE2-7ECF99A0226E}.AppStore|iPhone.ActiveCfg = AppStore|iPhone
		{26C827A9-DFC7-4D8B-BEE2-7ECF99A0226E}.AppStore|iPhone.Build.0 = AppStore|iPhone
		{26C827A9-DFC7-4D8B-BEE2-7ECF99A0226E}.AppStore|iPhone.Deploy.0 = AppStore|iPhone
		{26C827A9-DFC7-4D8B-BEE2-7ECF99A0226E}.AppStore|iPhoneSimulator.ActiveCfg = AppStore|iPhoneSimulator
		{26C827A9-DFC7-4D8B-BEE2-7ECF99A0226E}.AppStore|iPhoneSimulator.Build.0 = AppStore|iPhoneSimulator
		{26C827A9-DFC7-4D8B-BEE2-7ECF99A0226E}.AppStore|iPhoneSimulator.Deploy.0 = AppStore|iPhoneSimulator
		{26C827A9-DFC7-4D8B-BEE2-7ECF99A0226E}.AppStore|x64.ActiveCfg = AppStore|iPhone
		{26C827A9-DFC7-4D8B-BEE2-7ECF99A0226E}.AppStore|x64.Build.0 = AppStore|iPhone
		{26C827A9-DFC7-4D8B-BEE2-7ECF99A0226E}.AppStore|x64.Deploy.0 = AppStore|iPhone
		{26C827A9-DFC7-4D8B-BEE2-7ECF99A0226E}.AppStore|x86.ActiveCfg = AppStore|iPhone
		{26C827A9-DFC7-4D8B-BEE2-7ECF99A0226E}.AppStore|x86.Build.0 = AppStore|iPhone
		{26C827A9-DFC7-4D8B-BEE2-7ECF99A0226E}.AppStore|x86.Deploy.0 = AppStore|iPhone
		{26C827A9-DFC7-4D8B-BEE2-7ECF99A0226E}.Debug|Any CPU.ActiveCfg = Debug|iPhoneSimulator
		{26C827A9-DFC7-4D8B-BEE2-7ECF99A0226E}.Debug|Any CPU.Build.0 = Debug|iPhoneSimulator
		{26C827A9-DFC7-4D8B-BEE2-7ECF99A0226E}.Debug|Any CPU.Deploy.0 = Debug|iPhoneSimulator
		{26C827A9-DFC7-4D8B-BEE2-7ECF99A0226E}.Debug|ARM.ActiveCfg = Debug|iPhone
		{26C827A9-DFC7-4D8B-BEE2-7ECF99A0226E}.Debug|ARM.Build.0 = Debug|iPhone
		{26C827A9-DFC7-4D8B-BEE2-7ECF99A0226E}.Debug|ARM.Deploy.0 = Debug|iPhone
		{26C827A9-DFC7-4D8B-BEE2-7ECF99A0226E}.Debug|iPhone.ActiveCfg = Debug|iPhone
		{26C827A9-DFC7-4D8B-BEE2-7ECF99A0226E}.Debug|iPhone.Build.0 = Debug|iPhone
		{26C827A9-DFC7-4D8B-BEE2-7ECF99A0226E}.Debug|iPhone.Deploy.0 = Debug|iPhone
		{26C827A9-DFC7-4D8B-BEE2-7ECF99A0226E}.Debug|iPhoneSimulator.ActiveCfg = Debug|iPhoneSimulator
		{26C827A9-DFC7-4D8B-BEE2-7ECF99A0226E}.Debug|iPhoneSimulator.Build.0 = Debug|iPhoneSimulator
		{26C827A9-DFC7-4D8B-BEE2-7ECF99A0226E}.Debug|iPhoneSimulator.Deploy.0 = Debug|iPhoneSimulator
		{26C827A9-DFC7-4D8B-BEE2-7ECF99A0226E}.Debug|x64.ActiveCfg = Debug|iPhone
		{26C827A9-DFC7-4D8B-BEE2-7ECF99A0226E}.Debug|x64.Build.0 = Debug|iPhone
		{26C827A9-DFC7-4D8B-BEE2-7ECF99A0226E}.Debug|x64.Deploy.0 = Debug|iPhone
		{26C827A9-DFC7-4D8B-BEE2-7ECF99A0226E}.Debug|x86.ActiveCfg = Debug|iPhone
		{26C827A9-DFC7-4D8B-BEE2-7ECF99A0226E}.Debug|x86.Build.0 = Debug|iPhone
		{26C827A9-DFC7-4D8B-BEE2-7ECF99A0226E}.Debug|x86.Deploy.0 = Debug|iPhone
		{26C827A9-DFC7-4D8B-BEE2-7ECF99A0226E}.Release|Any CPU.ActiveCfg = Release|iPhone
		{26C827A9-DFC7-4D8B-BEE2-7ECF99A0226E}.Release|Any CPU.Build.0 = Release|iPhone
		{26C827A9-DFC7-4D8B-BEE2-7ECF99A0226E}.Release|Any CPU.Deploy.0 = Release|iPhone
		{26C827A9-DFC7-4D8B-BEE2-7ECF99A0226E}.Release|ARM.ActiveCfg = Release|iPhone
		{26C827A9-DFC7-4D8B-BEE2-7ECF99A0226E}.Release|ARM.Build.0 = Release|iPhone
		{26C827A9-DFC7-4D8B-BEE2-7ECF99A0226E}.Release|ARM.Deploy.0 = Release|iPhone
		{26C827A9-DFC7-4D8B-BEE2-7ECF99A0226E}.Release|iPhone.ActiveCfg = Release|iPhone
		{26C827A9-DFC7-4D8B-BEE2-7ECF99A0226E}.Release|iPhone.Build.0 = Release|iPhone
		{26C827A9-DFC7-4D8B-BEE2-7ECF99A0226E}.Release|iPhone.Deploy.0 = Release|iPhone
		{26C827A9-DFC7-4D8B-BEE2-7ECF99A0226E}.Release|iPhoneSimulator.ActiveCfg = Release|iPhoneSimulator
		{26C827A9-DFC7-4D8B-BEE2-7ECF99A0226E}.Release|iPhoneSimulator.Build.0 = Release|iPhoneSimulator
		{26C827A9-DFC7-4D8B-BEE2-7ECF99A0226E}.Release|iPhoneSimulator.Deploy.0 = Release|iPhoneSimulator
		{26C827A9-DFC7-4D8B-BEE2-7ECF99A0226E}.Release|x64.ActiveCfg = Release|iPhone
		{26C827A9-DFC7-4D8B-BEE2-7ECF99A0226E}.Release|x64.Build.0 = Release|iPhone
		{26C827A9-DFC7-4D8B-BEE2-7ECF99A0226E}.Release|x64.Deploy.0 = Release|iPhone
		{26C827A9-DFC7-4D8B-BEE2-7ECF99A0226E}.Release|x86.ActiveCfg = Release|iPhone
		{26C827A9-DFC7-4D8B-BEE2-7ECF99A0226E}.Release|x86.Build.0 = Release|iPhone
		{26C827A9-DFC7-4D8B-BEE2-7ECF99A0226E}.Release|x86.Deploy.0 = Release|iPhone
		{63B79645-714D-4C70-8D97-50A37D593E98}.Ad-Hoc|Any CPU.ActiveCfg = Release|x86
		{63B79645-714D-4C70-8D97-50A37D593E98}.Ad-Hoc|Any CPU.Build.0 = Release|x86
		{63B79645-714D-4C70-8D97-50A37D593E98}.Ad-Hoc|Any CPU.Deploy.0 = Release|x86
		{63B79645-714D-4C70-8D97-50A37D593E98}.Ad-Hoc|ARM.ActiveCfg = Release|ARM
		{63B79645-714D-4C70-8D97-50A37D593E98}.Ad-Hoc|ARM.Build.0 = Release|ARM
		{63B79645-714D-4C70-8D97-50A37D593E98}.Ad-Hoc|ARM.Deploy.0 = Release|ARM
		{63B79645-714D-4C70-8D97-50A37D593E98}.Ad-Hoc|iPhone.ActiveCfg = Release|x86
		{63B79645-714D-4C70-8D97-50A37D593E98}.Ad-Hoc|iPhone.Build.0 = Release|x86
		{63B79645-714D-4C70-8D97-50A37D593E98}.Ad-Hoc|iPhone.Deploy.0 = Release|x86
		{63B79645-714D-4C70-8D97-50A37D593E98}.Ad-Hoc|iPhoneSimulator.ActiveCfg = Release|x86
		{63B79645-714D-4C70-8D97-50A37D593E98}.Ad-Hoc|iPhoneSimulator.Build.0 = Release|x86
		{63B79645-714D-4C70-8D97-50A37D593E98}.Ad-Hoc|iPhoneSimulator.Deploy.0 = Release|x86
		{63B79645-714D-4C70-8D97-50A37D593E98}.Ad-Hoc|x64.ActiveCfg = Release|x64
		{63B79645-714D-4C70-8D97-50A37D593E98}.Ad-Hoc|x64.Build.0 = Release|x64
		{63B79645-714D-4C70-8D97-50A37D593E98}.Ad-Hoc|x64.Deploy.0 = Release|x64
		{63B79645-714D-4C70-8D97-50A37D593E98}.Ad-Hoc|x86.ActiveCfg = Release|x86
		{63B79645-714D-4C70-8D97-50A37D593E98}.Ad-Hoc|x86.Build.0 = Release|x86
		{63B79645-714D-4C70-8D97-50A37D593E98}.Ad-Hoc|x86.Deploy.0 = Release|x86
		{63B79645-714D-4C70-8D97-50A37D593E98}.AppStore|Any CPU.ActiveCfg = Release|x86
		{63B79645-714D-4C70-8D97-50A37D593E98}.AppStore|Any CPU.Build.0 = Release|x86
		{63B79645-714D-4C70-8D97-50A37D593E98}.AppStore|Any CPU.Deploy.0 = Release|x86
		{63B79645-714D-4C70-8D97-50A37D593E98}.AppStore|ARM.ActiveCfg = Release|ARM
		{63B79645-714D-4C70-8D97-50A37D593E98}.AppStore|ARM.Build.0 = Release|ARM
		{63B79645-714D-4C70-8D97-50A37D593E98}.AppStore|ARM.Deploy.0 = Release|ARM
		{63B79645-714D-4C70-8D97-50A37D593E98}.AppStore|iPhone.ActiveCfg = Release|x86
		{63B79645-714D-4C70-8D97-50A37D593E98}.AppStore|iPhone.Build.0 = Release|x86
		{63B79645-714D-4C70-8D97-50A37D593E98}.AppStore|iPhone.Deploy.0 = Release|x86
		{63B79645-714D-4C70-8D97-50A37D593E98}.AppStore|iPhoneSimulator.ActiveCfg = Release|x86
		{63B79645-714D-4C70-8D97-50A37D593E98}.AppStore|iPhoneSimulator.Build.0 = Release|x86
		{63B79645-714D-4C70-8D97-50A37D593E98}.AppStore|iPhoneSimulator.Deploy.0 = Release|x86
		{63B79645-714D-4C70-8D97-50A37D593E98}.AppStore|x64.ActiveCfg = Release|x64
		{63B79645-714D-4C70-8D97-50A37D593E98}.AppStore|x64.Build.0 = Release|x64
		{63B79645-714D-4C70-8D97-50A37D593E98}.AppStore|x64.Deploy.0 = Release|x64
		{63B79645-714D-4C70-8D97-50A37D593E98}.AppStore|x86.ActiveCfg = Release|x86
		{63B79645-714D-4C70-8D97-50A37D593E98}.AppStore|x86.Build.0 = Release|x86
		{63B79645-714D-4C70-8D97-50A37D593E98}.AppStore|x86.Deploy.0 = Release|x86
		{63B79645-714D-4C70-8D97-50A37D593E98}.Debug|Any CPU.ActiveCfg = Debug|x86
		{63B79645-714D-4C70-8D97-50A37D593E98}.Debug|Any CPU.Build.0 = Debug|x86
		{63B79645-714D-4C70-8D97-50A37D593E98}.Debug|Any CPU.Deploy.0 = Debug|x86
		{63B79645-714D-4C70-8D97-50A37D593E98}.Debug|ARM.ActiveCfg = Debug|ARM
		{63B79645-714D-4C70-8D97-50A37D593E98}.Debug|ARM.Build.0 = Debug|ARM
		{63B79645-714D-4C70-8D97-50A37D593E98}.Debug|ARM.Deploy.0 = Debug|ARM
		{63B79645-714D-4C70-8D97-50A37D593E98}.Debug|iPhone.ActiveCfg = Debug|x86
		{63B79645-714D-4C70-8D97-50A37D593E98}.Debug|iPhone.Build.0 = Debug|x86
		{63B79645-714D-4C70-8D97-50A37D593E98}.Debug|iPhone.Deploy.0 = Debug|x86
		{63B79645-714D-4C70-8D97-50A37D593E98}.Debug|iPhoneSimulator.ActiveCfg = Debug|x86
		{63B79645-714D-4C70-8D97-50A37D593E98}.Debug|iPhoneSimulator.Build.0 = Debug|x86
		{63B79645-714D-4C70-8D97-50A37D593E98}.Debug|iPhoneSimulator.Deploy.0 = Debug|x86
		{63B79645-714D-4C70-8D97-50A37D593E98}.Debug|x64.ActiveCfg = Debug|x64
		{63B79645-714D-4C70-8D97-50A37D593E98}.Debug|x64.Build.0 = Debug|x64
		{63B79645-714D-4C70-8D97-50A37D593E98}.Debug|x64.Deploy.0 = Debug|x64
		{63B79645-714D-4C70-8D97-50A37D593E98}.Debug|x86.ActiveCfg = Debug|x86
		{63B79645-714D-4C70-8D97-50A37D593E98}.Debug|x86.Build.0 = Debug|x86
		{63B79645-714D-4C70-8D97-50A37D593E98}.Debug|x86.Deploy.0 = Debug|x86
		{63B79645-714D-4C70-8D97-50A37D593E98}.Release|Any CPU.ActiveCfg = Release|x86
		{63B79645-714D-4C70-8D97-50A37D593E98}.Release|Any CPU.Build.0 = Release|x86
		{63B79645-714D-4C70-8D97-50A37D593E98}.Release|Any CPU.Deploy.0 = Release|x86
		{63B79645-714D-4C70-8D97-50A37D593E98}.Release|ARM.ActiveCfg = Release|ARM
		{63B79645-714D-4C70-8D97-50A37D593E98}.Release|ARM.Build.0 = Release|ARM
		{63B79645-714D-4C70-8D97-50A37D593E98}.Release|ARM.Deploy.0 = Release|ARM
		{63B79645-714D-4C70-8D97-50A37D593E98}.Release|iPhone.ActiveCfg = Release|x86
		{63B79645-714D-4C70-8D97-50A37D593E98}.Release|iPhone.Build.0 = Release|x86
		{63B79645-714D-4C70-8D97-50A37D593E98}.Release|iPhone.Deploy.0 = Release|x86
		{63B79645-714D-4C70-8D97-50A37D593E98}.Release|iPhoneSimulator.ActiveCfg = Release|x86
		{63B79645-714D-4C70-8D97-50A37D593E98}.Release|iPhoneSimulator.Build.0 = Release|x86
		{63B79645-714D-4C70-8D97-50A37D593E98}.Release|iPhoneSimulator.Deploy.0 = Release|x86
		{63B79645-714D-4C70-8D97-50A37D593E98}.Release|x64.ActiveCfg = Release|x64
		{63B79645-714D-4C70-8D97-50A37D593E98}.Release|x64.Build.0 = Release|x64
		{63B79645-714D-4C70-8D97-50A37D593E98}.Release|x64.Deploy.0 = Release|x64
		{63B79645-714D-4C70-8D97-50A37D593E98}.Release|x86.ActiveCfg = Release|x86
		{63B79645-714D-4C70-8D97-50A37D593E98}.Release|x86.Build.0 = Release|x86
		{63B79645-714D-4C70-8D97-50A37D593E98}.Release|x86.Deploy.0 = Release|x86
		{97C629CD-DF86-4330-A6CA-9B88975AA55D}.Ad-Hoc|Any CPU.ActiveCfg = Debug|Any CPU
		{97C629CD-DF86-4330-A6CA-9B88975AA55D}.Ad-Hoc|Any CPU.Build.0 = Debug|Any CPU
		{97C629CD-DF86-4330-A6CA-9B88975AA55D}.Ad-Hoc|Any CPU.Deploy.0 = Debug|Any CPU
		{97C629CD-DF86-4330-A6CA-9B88975AA55D}.Ad-Hoc|ARM.ActiveCfg = Debug|Any CPU
		{97C629CD-DF86-4330-A6CA-9B88975AA55D}.Ad-Hoc|ARM.Build.0 = Debug|Any CPU
		{97C629CD-DF86-4330-A6CA-9B88975AA55D}.Ad-Hoc|ARM.Deploy.0 = Debug|Any CPU
		{97C629CD-DF86-4330-A6CA-9B88975AA55D}.Ad-Hoc|iPhone.ActiveCfg = Debug|Any CPU
		{97C629CD-DF86-4330-A6CA-9B88975AA55D}.Ad-Hoc|iPhone.Build.0 = Debug|Any CPU
		{97C629CD-DF86-4330-A6CA-9B88975AA55D}.Ad-Hoc|iPhone.Deploy.0 = Debug|Any CPU
		{97C629CD-DF86-4330-A6CA-9B88975AA55D}.Ad-Hoc|iPhoneSimulator.ActiveCfg = Debug|Any CPU
		{97C629CD-DF86-4330-A6CA-9B88975AA55D}.Ad-Hoc|iPhoneSimulator.Build.0 = Debug|Any CPU
		{97C629CD-DF86-4330-A6CA-9B88975AA55D}.Ad-Hoc|iPhoneSimulator.Deploy.0 = Debug|Any CPU
		{97C629CD-DF86-4330-A6CA-9B88975AA55D}.Ad-Hoc|x64.ActiveCfg = Debug|Any CPU
		{97C629CD-DF86-4330-A6CA-9B88975AA55D}.Ad-Hoc|x64.Build.0 = Debug|Any CPU
		{97C629CD-DF86-4330-A6CA-9B88975AA55D}.Ad-Hoc|x64.Deploy.0 = Debug|Any CPU
		{97C629CD-DF86-4330-A6CA-9B88975AA55D}.Ad-Hoc|x86.ActiveCfg = Debug|Any CPU
		{97C629CD-DF86-4330-A6CA-9B88975AA55D}.Ad-Hoc|x86.Build.0 = Debug|Any CPU
		{97C629CD-DF86-4330-A6CA-9B88975AA55D}.Ad-Hoc|x86.Deploy.0 = Debug|Any CPU
		{97C629CD-DF86-4330-A6CA-9B88975AA55D}.AppStore|Any CPU.ActiveCfg = Debug|Any CPU
		{97C629CD-DF86-4330-A6CA-9B88975AA55D}.AppStore|Any CPU.Build.0 = Debug|Any CPU
		{97C629CD-DF86-4330-A6CA-9B88975AA55D}.AppStore|Any CPU.Deploy.0 = Debug|Any CPU
		{97C629CD-DF86-4330-A6CA-9B88975AA55D}.AppStore|ARM.ActiveCfg = Debug|Any CPU
		{97C629CD-DF86-4330-A6CA-9B88975AA55D}.AppStore|ARM.Build.0 = Debug|Any CPU
		{97C629CD-DF86-4330-A6CA-9B88975AA55D}.AppStore|ARM.Deploy.0 = Debug|Any CPU
		{97C629CD-DF86-4330-A6CA-9B88975AA55D}.AppStore|iPhone.ActiveCfg = Debug|Any CPU
		{97C629CD-DF86-4330-A6CA-9B88975AA55D}.AppStore|iPhone.Build.0 = Debug|Any CPU
		{97C629CD-DF86-4330-A6CA-9B88975AA55D}.AppStore|iPhone.Deploy.0 = Debug|Any CPU
		{97C629CD-DF86-4330-A6CA-9B88975AA55D}.AppStore|iPhoneSimulator.ActiveCfg = Debug|Any CPU
		{97C629CD-DF86-4330-A6CA-9B88975AA55D}.AppStore|iPhoneSimulator.Build.0 = Debug|Any CPU
		{97C629CD-DF86-4330-A6CA-9B88975AA55D}.AppStore|iPhoneSimulator.Deploy.0 = Debug|Any CPU
		{97C629CD-DF86-4330-A6CA-9B88975AA55D}.AppStore|x64.ActiveCfg = Debug|Any CPU
		{97C629CD-DF86-4330-A6CA-9B88975AA55D}.AppStore|x64.Build.0 = Debug|Any CPU
		{97C629CD-DF86-4330-A6CA-9B88975AA55D}.AppStore|x64.Deploy.0 = Debug|Any CPU
		{97C629CD-DF86-4330-A6CA-9B88975AA55D}.AppStore|x86.ActiveCfg = Debug|Any CPU
		{97C629CD-DF86-4330-A6CA-9B88975AA55D}.AppStore|x86.Build.0 = Debug|Any CPU
		{97C629CD-DF86-4330-A6CA-9B88975AA55D}.AppStore|x86.Deploy.0 = Debug|Any CPU
		{97C629CD-DF86-4330-A6CA-9B88975AA55D}.Debug|Any CPU.ActiveCfg = Debug|Any CPU
		{97C629CD-DF86-4330-A6CA-9B88975AA55D}.Debug|Any CPU.Build.0 = Debug|Any CPU
		{97C629CD-DF86-4330-A6CA-9B88975AA55D}.Debug|Any CPU.Deploy.0 = Debug|Any CPU
		{97C629CD-DF86-4330-A6CA-9B88975AA55D}.Debug|ARM.ActiveCfg = Debug|Any CPU
		{97C629CD-DF86-4330-A6CA-9B88975AA55D}.Debug|ARM.Build.0 = Debug|Any CPU
		{97C629CD-DF86-4330-A6CA-9B88975AA55D}.Debug|ARM.Deploy.0 = Debug|Any CPU
		{97C629CD-DF86-4330-A6CA-9B88975AA55D}.Debug|iPhone.ActiveCfg = Debug|Any CPU
		{97C629CD-DF86-4330-A6CA-9B88975AA55D}.Debug|iPhone.Build.0 = Debug|Any CPU
		{97C629CD-DF86-4330-A6CA-9B88975AA55D}.Debug|iPhone.Deploy.0 = Debug|Any CPU
		{97C629CD-DF86-4330-A6CA-9B88975AA55D}.Debug|iPhoneSimulator.ActiveCfg = Debug|Any CPU
		{97C629CD-DF86-4330-A6CA-9B88975AA55D}.Debug|iPhoneSimulator.Build.0 = Debug|Any CPU
		{97C629CD-DF86-4330-A6CA-9B88975AA55D}.Debug|iPhoneSimulator.Deploy.0 = Debug|Any CPU
		{97C629CD-DF86-4330-A6CA-9B88975AA55D}.Debug|x64.ActiveCfg = Debug|Any CPU
		{97C629CD-DF86-4330-A6CA-9B88975AA55D}.Debug|x64.Build.0 = Debug|Any CPU
		{97C629CD-DF86-4330-A6CA-9B88975AA55D}.Debug|x64.Deploy.0 = Debug|Any CPU
		{97C629CD-DF86-4330-A6CA-9B88975AA55D}.Debug|x86.ActiveCfg = Debug|Any CPU
		{97C629CD-DF86-4330-A6CA-9B88975AA55D}.Debug|x86.Build.0 = Debug|Any CPU
		{97C629CD-DF86-4330-A6CA-9B88975AA55D}.Debug|x86.Deploy.0 = Debug|Any CPU
		{97C629CD-DF86-4330-A6CA-9B88975AA55D}.Release|Any CPU.ActiveCfg = Release|Any CPU
		{97C629CD-DF86-4330-A6CA-9B88975AA55D}.Release|Any CPU.Build.0 = Release|Any CPU
		{97C629CD-DF86-4330-A6CA-9B88975AA55D}.Release|Any CPU.Deploy.0 = Release|Any CPU
		{97C629CD-DF86-4330-A6CA-9B88975AA55D}.Release|ARM.ActiveCfg = Release|Any CPU
		{97C629CD-DF86-4330-A6CA-9B88975AA55D}.Release|ARM.Build.0 = Release|Any CPU
		{97C629CD-DF86-4330-A6CA-9B88975AA55D}.Release|ARM.Deploy.0 = Release|Any CPU
		{97C629CD-DF86-4330-A6CA-9B88975AA55D}.Release|iPhone.ActiveCfg = Release|Any CPU
		{97C629CD-DF86-4330-A6CA-9B88975AA55D}.Release|iPhone.Build.0 = Release|Any CPU
		{97C629CD-DF86-4330-A6CA-9B88975AA55D}.Release|iPhone.Deploy.0 = Release|Any CPU
		{97C629CD-DF86-4330-A6CA-9B88975AA55D}.Release|iPhoneSimulator.ActiveCfg = Release|Any CPU
		{97C629CD-DF86-4330-A6CA-9B88975AA55D}.Release|iPhoneSimulator.Build.0 = Release|Any CPU
		{97C629CD-DF86-4330-A6CA-9B88975AA55D}.Release|iPhoneSimulator.Deploy.0 = Release|Any CPU
		{97C629CD-DF86-4330-A6CA-9B88975AA55D}.Release|x64.ActiveCfg = Release|Any CPU
		{97C629CD-DF86-4330-A6CA-9B88975AA55D}.Release|x64.Build.0 = Release|Any CPU
		{97C629CD-DF86-4330-A6CA-9B88975AA55D}.Release|x64.Deploy.0 = Release|Any CPU
		{97C629CD-DF86-4330-A6CA-9B88975AA55D}.Release|x86.ActiveCfg = Release|Any CPU
		{97C629CD-DF86-4330-A6CA-9B88975AA55D}.Release|x86.Build.0 = Release|Any CPU
		{97C629CD-DF86-4330-A6CA-9B88975AA55D}.Release|x86.Deploy.0 = Release|Any CPU
		{94AC90AB-C2AE-46DF-95EB-71D800178BF5}.Ad-Hoc|Any CPU.ActiveCfg = Release|Any CPU
		{94AC90AB-C2AE-46DF-95EB-71D800178BF5}.Ad-Hoc|Any CPU.Build.0 = Release|Any CPU
		{94AC90AB-C2AE-46DF-95EB-71D800178BF5}.Ad-Hoc|ARM.ActiveCfg = Release|Any CPU
		{94AC90AB-C2AE-46DF-95EB-71D800178BF5}.Ad-Hoc|ARM.Build.0 = Release|Any CPU
		{94AC90AB-C2AE-46DF-95EB-71D800178BF5}.Ad-Hoc|iPhone.ActiveCfg = Release|Any CPU
		{94AC90AB-C2AE-46DF-95EB-71D800178BF5}.Ad-Hoc|iPhone.Build.0 = Release|Any CPU
		{94AC90AB-C2AE-46DF-95EB-71D800178BF5}.Ad-Hoc|iPhoneSimulator.ActiveCfg = Release|Any CPU
		{94AC90AB-C2AE-46DF-95EB-71D800178BF5}.Ad-Hoc|iPhoneSimulator.Build.0 = Release|Any CPU
		{94AC90AB-C2AE-46DF-95EB-71D800178BF5}.Ad-Hoc|x64.ActiveCfg = Release|Any CPU
		{94AC90AB-C2AE-46DF-95EB-71D800178BF5}.Ad-Hoc|x64.Build.0 = Release|Any CPU
		{94AC90AB-C2AE-46DF-95EB-71D800178BF5}.Ad-Hoc|x86.ActiveCfg = Release|Any CPU
		{94AC90AB-C2AE-46DF-95EB-71D800178BF5}.Ad-Hoc|x86.Build.0 = Release|Any CPU
		{94AC90AB-C2AE-46DF-95EB-71D800178BF5}.AppStore|Any CPU.ActiveCfg = Release|Any CPU
		{94AC90AB-C2AE-46DF-95EB-71D800178BF5}.AppStore|Any CPU.Build.0 = Release|Any CPU
		{94AC90AB-C2AE-46DF-95EB-71D800178BF5}.AppStore|ARM.ActiveCfg = Release|Any CPU
		{94AC90AB-C2AE-46DF-95EB-71D800178BF5}.AppStore|ARM.Build.0 = Release|Any CPU
		{94AC90AB-C2AE-46DF-95EB-71D800178BF5}.AppStore|iPhone.ActiveCfg = Release|Any CPU
		{94AC90AB-C2AE-46DF-95EB-71D800178BF5}.AppStore|iPhone.Build.0 = Release|Any CPU
		{94AC90AB-C2AE-46DF-95EB-71D800178BF5}.AppStore|iPhoneSimulator.ActiveCfg = Release|Any CPU
		{94AC90AB-C2AE-46DF-95EB-71D800178BF5}.AppStore|iPhoneSimulator.Build.0 = Release|Any CPU
		{94AC90AB-C2AE-46DF-95EB-71D800178BF5}.AppStore|x64.ActiveCfg = Release|Any CPU
		{94AC90AB-C2AE-46DF-95EB-71D800178BF5}.AppStore|x64.Build.0 = Release|Any CPU
		{94AC90AB-C2AE-46DF-95EB-71D800178BF5}.AppStore|x86.ActiveCfg = Release|Any CPU
		{94AC90AB-C2AE-46DF-95EB-71D800178BF5}.AppStore|x86.Build.0 = Release|Any CPU
		{94AC90AB-C2AE-46DF-95EB-71D800178BF5}.Debug|Any CPU.ActiveCfg = Debug|Any CPU
		{94AC90AB-C2AE-46DF-95EB-71D800178BF5}.Debug|Any CPU.Build.0 = Debug|Any CPU
		{94AC90AB-C2AE-46DF-95EB-71D800178BF5}.Debug|ARM.ActiveCfg = Debug|Any CPU
		{94AC90AB-C2AE-46DF-95EB-71D800178BF5}.Debug|ARM.Build.0 = Debug|Any CPU
		{94AC90AB-C2AE-46DF-95EB-71D800178BF5}.Debug|iPhone.ActiveCfg = Debug|Any CPU
		{94AC90AB-C2AE-46DF-95EB-71D800178BF5}.Debug|iPhone.Build.0 = Debug|Any CPU
		{94AC90AB-C2AE-46DF-95EB-71D800178BF5}.Debug|iPhoneSimulator.ActiveCfg = Debug|Any CPU
		{94AC90AB-C2AE-46DF-95EB-71D800178BF5}.Debug|iPhoneSimulator.Build.0 = Debug|Any CPU
		{94AC90AB-C2AE-46DF-95EB-71D800178BF5}.Debug|x64.ActiveCfg = Debug|Any CPU
		{94AC90AB-C2AE-46DF-95EB-71D800178BF5}.Debug|x64.Build.0 = Debug|Any CPU
		{94AC90AB-C2AE-46DF-95EB-71D800178BF5}.Debug|x86.ActiveCfg = Debug|Any CPU
		{94AC90AB-C2AE-46DF-95EB-71D800178BF5}.Debug|x86.Build.0 = Debug|Any CPU
		{94AC90AB-C2AE-46DF-95EB-71D800178BF5}.Release|Any CPU.ActiveCfg = Release|Any CPU
		{94AC90AB-C2AE-46DF-95EB-71D800178BF5}.Release|Any CPU.Build.0 = Release|Any CPU
		{94AC90AB-C2AE-46DF-95EB-71D800178BF5}.Release|ARM.ActiveCfg = Release|Any CPU
		{94AC90AB-C2AE-46DF-95EB-71D800178BF5}.Release|ARM.Build.0 = Release|Any CPU
		{94AC90AB-C2AE-46DF-95EB-71D800178BF5}.Release|iPhone.ActiveCfg = Release|Any CPU
		{94AC90AB-C2AE-46DF-95EB-71D800178BF5}.Release|iPhone.Build.0 = Release|Any CPU
		{94AC90AB-C2AE-46DF-95EB-71D800178BF5}.Release|iPhoneSimulator.ActiveCfg = Release|Any CPU
		{94AC90AB-C2AE-46DF-95EB-71D800178BF5}.Release|iPhoneSimulator.Build.0 = Release|Any CPU
		{94AC90AB-C2AE-46DF-95EB-71D800178BF5}.Release|x64.ActiveCfg = Release|Any CPU
		{94AC90AB-C2AE-46DF-95EB-71D800178BF5}.Release|x64.Build.0 = Release|Any CPU
		{94AC90AB-C2AE-46DF-95EB-71D800178BF5}.Release|x86.ActiveCfg = Release|Any CPU
		{94AC90AB-C2AE-46DF-95EB-71D800178BF5}.Release|x86.Build.0 = Release|Any CPU
		{C16FDB6F-0899-494D-8BCC-9F0443427D3E}.Ad-Hoc|Any CPU.ActiveCfg = Release|Any CPU
		{C16FDB6F-0899-494D-8BCC-9F0443427D3E}.Ad-Hoc|Any CPU.Build.0 = Release|Any CPU
		{C16FDB6F-0899-494D-8BCC-9F0443427D3E}.Ad-Hoc|ARM.ActiveCfg = Release|Any CPU
		{C16FDB6F-0899-494D-8BCC-9F0443427D3E}.Ad-Hoc|ARM.Build.0 = Release|Any CPU
		{C16FDB6F-0899-494D-8BCC-9F0443427D3E}.Ad-Hoc|iPhone.ActiveCfg = Release|Any CPU
		{C16FDB6F-0899-494D-8BCC-9F0443427D3E}.Ad-Hoc|iPhone.Build.0 = Release|Any CPU
		{C16FDB6F-0899-494D-8BCC-9F0443427D3E}.Ad-Hoc|iPhoneSimulator.ActiveCfg = Release|Any CPU
		{C16FDB6F-0899-494D-8BCC-9F0443427D3E}.Ad-Hoc|iPhoneSimulator.Build.0 = Release|Any CPU
		{C16FDB6F-0899-494D-8BCC-9F0443427D3E}.Ad-Hoc|x64.ActiveCfg = Release|Any CPU
		{C16FDB6F-0899-494D-8BCC-9F0443427D3E}.Ad-Hoc|x64.Build.0 = Release|Any CPU
		{C16FDB6F-0899-494D-8BCC-9F0443427D3E}.Ad-Hoc|x86.ActiveCfg = Release|Any CPU
		{C16FDB6F-0899-494D-8BCC-9F0443427D3E}.Ad-Hoc|x86.Build.0 = Release|Any CPU
		{C16FDB6F-0899-494D-8BCC-9F0443427D3E}.AppStore|Any CPU.ActiveCfg = Release|Any CPU
		{C16FDB6F-0899-494D-8BCC-9F0443427D3E}.AppStore|Any CPU.Build.0 = Release|Any CPU
		{C16FDB6F-0899-494D-8BCC-9F0443427D3E}.AppStore|ARM.ActiveCfg = Release|Any CPU
		{C16FDB6F-0899-494D-8BCC-9F0443427D3E}.AppStore|ARM.Build.0 = Release|Any CPU
		{C16FDB6F-0899-494D-8BCC-9F0443427D3E}.AppStore|iPhone.ActiveCfg = Release|Any CPU
		{C16FDB6F-0899-494D-8BCC-9F0443427D3E}.AppStore|iPhone.Build.0 = Release|Any CPU
		{C16FDB6F-0899-494D-8BCC-9F0443427D3E}.AppStore|iPhoneSimulator.ActiveCfg = Release|Any CPU
		{C16FDB6F-0899-494D-8BCC-9F0443427D3E}.AppStore|iPhoneSimulator.Build.0 = Release|Any CPU
		{C16FDB6F-0899-494D-8BCC-9F0443427D3E}.AppStore|x64.ActiveCfg = Release|Any CPU
		{C16FDB6F-0899-494D-8BCC-9F0443427D3E}.AppStore|x64.Build.0 = Release|Any CPU
		{C16FDB6F-0899-494D-8BCC-9F0443427D3E}.AppStore|x86.ActiveCfg = Release|Any CPU
		{C16FDB6F-0899-494D-8BCC-9F0443427D3E}.AppStore|x86.Build.0 = Release|Any CPU
		{C16FDB6F-0899-494D-8BCC-9F0443427D3E}.Debug|Any CPU.ActiveCfg = Debug|Any CPU
		{C16FDB6F-0899-494D-8BCC-9F0443427D3E}.Debug|Any CPU.Build.0 = Debug|Any CPU
		{C16FDB6F-0899-494D-8BCC-9F0443427D3E}.Debug|ARM.ActiveCfg = Debug|Any CPU
		{C16FDB6F-0899-494D-8BCC-9F0443427D3E}.Debug|ARM.Build.0 = Debug|Any CPU
		{C16FDB6F-0899-494D-8BCC-9F0443427D3E}.Debug|iPhone.ActiveCfg = Debug|Any CPU
		{C16FDB6F-0899-494D-8BCC-9F0443427D3E}.Debug|iPhone.Build.0 = Debug|Any CPU
		{C16FDB6F-0899-494D-8BCC-9F0443427D3E}.Debug|iPhoneSimulator.ActiveCfg = Debug|Any CPU
		{C16FDB6F-0899-494D-8BCC-9F0443427D3E}.Debug|iPhoneSimulator.Build.0 = Debug|Any CPU
		{C16FDB6F-0899-494D-8BCC-9F0443427D3E}.Debug|x64.ActiveCfg = Debug|Any CPU
		{C16FDB6F-0899-494D-8BCC-9F0443427D3E}.Debug|x64.Build.0 = Debug|Any CPU
		{C16FDB6F-0899-494D-8BCC-9F0443427D3E}.Debug|x86.ActiveCfg = Debug|Any CPU
		{C16FDB6F-0899-494D-8BCC-9F0443427D3E}.Debug|x86.Build.0 = Debug|Any CPU
		{C16FDB6F-0899-494D-8BCC-9F0443427D3E}.Release|Any CPU.ActiveCfg = Release|Any CPU
		{C16FDB6F-0899-494D-8BCC-9F0443427D3E}.Release|Any CPU.Build.0 = Release|Any CPU
		{C16FDB6F-0899-494D-8BCC-9F0443427D3E}.Release|ARM.ActiveCfg = Release|Any CPU
		{C16FDB6F-0899-494D-8BCC-9F0443427D3E}.Release|ARM.Build.0 = Release|Any CPU
		{C16FDB6F-0899-494D-8BCC-9F0443427D3E}.Release|iPhone.ActiveCfg = Release|Any CPU
		{C16FDB6F-0899-494D-8BCC-9F0443427D3E}.Release|iPhone.Build.0 = Release|Any CPU
		{C16FDB6F-0899-494D-8BCC-9F0443427D3E}.Release|iPhoneSimulator.ActiveCfg = Release|Any CPU
		{C16FDB6F-0899-494D-8BCC-9F0443427D3E}.Release|iPhoneSimulator.Build.0 = Release|Any CPU
		{C16FDB6F-0899-494D-8BCC-9F0443427D3E}.Release|x64.ActiveCfg = Release|Any CPU
		{C16FDB6F-0899-494D-8BCC-9F0443427D3E}.Release|x64.Build.0 = Release|Any CPU
		{C16FDB6F-0899-494D-8BCC-9F0443427D3E}.Release|x86.ActiveCfg = Release|Any CPU
		{C16FDB6F-0899-494D-8BCC-9F0443427D3E}.Release|x86.Build.0 = Release|Any CPU
		{474B898B-27E3-4521-88FB-0F3270F938BD}.Ad-Hoc|Any CPU.ActiveCfg = Release|Any CPU
		{474B898B-27E3-4521-88FB-0F3270F938BD}.Ad-Hoc|Any CPU.Build.0 = Release|Any CPU
		{474B898B-27E3-4521-88FB-0F3270F938BD}.Ad-Hoc|ARM.ActiveCfg = Release|Any CPU
		{474B898B-27E3-4521-88FB-0F3270F938BD}.Ad-Hoc|ARM.Build.0 = Release|Any CPU
		{474B898B-27E3-4521-88FB-0F3270F938BD}.Ad-Hoc|iPhone.ActiveCfg = Release|Any CPU
		{474B898B-27E3-4521-88FB-0F3270F938BD}.Ad-Hoc|iPhone.Build.0 = Release|Any CPU
		{474B898B-27E3-4521-88FB-0F3270F938BD}.Ad-Hoc|iPhoneSimulator.ActiveCfg = Release|Any CPU
		{474B898B-27E3-4521-88FB-0F3270F938BD}.Ad-Hoc|iPhoneSimulator.Build.0 = Release|Any CPU
		{474B898B-27E3-4521-88FB-0F3270F938BD}.Ad-Hoc|x64.ActiveCfg = Release|Any CPU
		{474B898B-27E3-4521-88FB-0F3270F938BD}.Ad-Hoc|x64.Build.0 = Release|Any CPU
		{474B898B-27E3-4521-88FB-0F3270F938BD}.Ad-Hoc|x86.ActiveCfg = Release|Any CPU
		{474B898B-27E3-4521-88FB-0F3270F938BD}.Ad-Hoc|x86.Build.0 = Release|Any CPU
		{474B898B-27E3-4521-88FB-0F3270F938BD}.AppStore|Any CPU.ActiveCfg = Release|Any CPU
		{474B898B-27E3-4521-88FB-0F3270F938BD}.AppStore|Any CPU.Build.0 = Release|Any CPU
		{474B898B-27E3-4521-88FB-0F3270F938BD}.AppStore|ARM.ActiveCfg = Release|Any CPU
		{474B898B-27E3-4521-88FB-0F3270F938BD}.AppStore|ARM.Build.0 = Release|Any CPU
		{474B898B-27E3-4521-88FB-0F3270F938BD}.AppStore|iPhone.ActiveCfg = Release|Any CPU
		{474B898B-27E3-4521-88FB-0F3270F938BD}.AppStore|iPhone.Build.0 = Release|Any CPU
		{474B898B-27E3-4521-88FB-0F3270F938BD}.AppStore|iPhoneSimulator.ActiveCfg = Release|Any CPU
		{474B898B-27E3-4521-88FB-0F3270F938BD}.AppStore|iPhoneSimulator.Build.0 = Release|Any CPU
		{474B898B-27E3-4521-88FB-0F3270F938BD}.AppStore|x64.ActiveCfg = Release|Any CPU
		{474B898B-27E3-4521-88FB-0F3270F938BD}.AppStore|x64.Build.0 = Release|Any CPU
		{474B898B-27E3-4521-88FB-0F3270F938BD}.AppStore|x86.ActiveCfg = Release|Any CPU
		{474B898B-27E3-4521-88FB-0F3270F938BD}.AppStore|x86.Build.0 = Release|Any CPU
		{474B898B-27E3-4521-88FB-0F3270F938BD}.Debug|Any CPU.ActiveCfg = Debug|Any CPU
		{474B898B-27E3-4521-88FB-0F3270F938BD}.Debug|Any CPU.Build.0 = Debug|Any CPU
		{474B898B-27E3-4521-88FB-0F3270F938BD}.Debug|ARM.ActiveCfg = Debug|Any CPU
		{474B898B-27E3-4521-88FB-0F3270F938BD}.Debug|ARM.Build.0 = Debug|Any CPU
		{474B898B-27E3-4521-88FB-0F3270F938BD}.Debug|iPhone.ActiveCfg = Debug|Any CPU
		{474B898B-27E3-4521-88FB-0F3270F938BD}.Debug|iPhone.Build.0 = Debug|Any CPU
		{474B898B-27E3-4521-88FB-0F3270F938BD}.Debug|iPhoneSimulator.ActiveCfg = Debug|Any CPU
		{474B898B-27E3-4521-88FB-0F3270F938BD}.Debug|iPhoneSimulator.Build.0 = Debug|Any CPU
		{474B898B-27E3-4521-88FB-0F3270F938BD}.Debug|x64.ActiveCfg = Debug|Any CPU
		{474B898B-27E3-4521-88FB-0F3270F938BD}.Debug|x64.Build.0 = Debug|Any CPU
		{474B898B-27E3-4521-88FB-0F3270F938BD}.Debug|x86.ActiveCfg = Debug|Any CPU
		{474B898B-27E3-4521-88FB-0F3270F938BD}.Debug|x86.Build.0 = Debug|Any CPU
		{474B898B-27E3-4521-88FB-0F3270F938BD}.Release|Any CPU.ActiveCfg = Release|Any CPU
		{474B898B-27E3-4521-88FB-0F3270F938BD}.Release|Any CPU.Build.0 = Release|Any CPU
		{474B898B-27E3-4521-88FB-0F3270F938BD}.Release|ARM.ActiveCfg = Release|Any CPU
		{474B898B-27E3-4521-88FB-0F3270F938BD}.Release|ARM.Build.0 = Release|Any CPU
		{474B898B-27E3-4521-88FB-0F3270F938BD}.Release|iPhone.ActiveCfg = Release|Any CPU
		{474B898B-27E3-4521-88FB-0F3270F938BD}.Release|iPhone.Build.0 = Release|Any CPU
		{474B898B-27E3-4521-88FB-0F3270F938BD}.Release|iPhoneSimulator.ActiveCfg = Release|Any CPU
		{474B898B-27E3-4521-88FB-0F3270F938BD}.Release|iPhoneSimulator.Build.0 = Release|Any CPU
		{474B898B-27E3-4521-88FB-0F3270F938BD}.Release|x64.ActiveCfg = Release|Any CPU
		{474B898B-27E3-4521-88FB-0F3270F938BD}.Release|x64.Build.0 = Release|Any CPU
		{474B898B-27E3-4521-88FB-0F3270F938BD}.Release|x86.ActiveCfg = Release|Any CPU
		{474B898B-27E3-4521-88FB-0F3270F938BD}.Release|x86.Build.0 = Release|Any CPU
		{84851F08-F6CC-446A-A281-F63677CB580A}.Ad-Hoc|Any CPU.ActiveCfg = Release|Any CPU
		{84851F08-F6CC-446A-A281-F63677CB580A}.Ad-Hoc|Any CPU.Build.0 = Release|Any CPU
		{84851F08-F6CC-446A-A281-F63677CB580A}.Ad-Hoc|ARM.ActiveCfg = Release|Any CPU
		{84851F08-F6CC-446A-A281-F63677CB580A}.Ad-Hoc|ARM.Build.0 = Release|Any CPU
		{84851F08-F6CC-446A-A281-F63677CB580A}.Ad-Hoc|iPhone.ActiveCfg = Release|Any CPU
		{84851F08-F6CC-446A-A281-F63677CB580A}.Ad-Hoc|iPhone.Build.0 = Release|Any CPU
		{84851F08-F6CC-446A-A281-F63677CB580A}.Ad-Hoc|iPhoneSimulator.ActiveCfg = Release|Any CPU
		{84851F08-F6CC-446A-A281-F63677CB580A}.Ad-Hoc|iPhoneSimulator.Build.0 = Release|Any CPU
		{84851F08-F6CC-446A-A281-F63677CB580A}.Ad-Hoc|x64.ActiveCfg = Release|Any CPU
		{84851F08-F6CC-446A-A281-F63677CB580A}.Ad-Hoc|x64.Build.0 = Release|Any CPU
		{84851F08-F6CC-446A-A281-F63677CB580A}.Ad-Hoc|x86.ActiveCfg = Release|Any CPU
		{84851F08-F6CC-446A-A281-F63677CB580A}.Ad-Hoc|x86.Build.0 = Release|Any CPU
		{84851F08-F6CC-446A-A281-F63677CB580A}.AppStore|Any CPU.ActiveCfg = Release|Any CPU
		{84851F08-F6CC-446A-A281-F63677CB580A}.AppStore|Any CPU.Build.0 = Release|Any CPU
		{84851F08-F6CC-446A-A281-F63677CB580A}.AppStore|ARM.ActiveCfg = Release|Any CPU
		{84851F08-F6CC-446A-A281-F63677CB580A}.AppStore|ARM.Build.0 = Release|Any CPU
		{84851F08-F6CC-446A-A281-F63677CB580A}.AppStore|iPhone.ActiveCfg = Release|Any CPU
		{84851F08-F6CC-446A-A281-F63677CB580A}.AppStore|iPhone.Build.0 = Release|Any CPU
		{84851F08-F6CC-446A-A281-F63677CB580A}.AppStore|iPhoneSimulator.ActiveCfg = Release|Any CPU
		{84851F08-F6CC-446A-A281-F63677CB580A}.AppStore|iPhoneSimulator.Build.0 = Release|Any CPU
		{84851F08-F6CC-446A-A281-F63677CB580A}.AppStore|x64.ActiveCfg = Release|Any CPU
		{84851F08-F6CC-446A-A281-F63677CB580A}.AppStore|x64.Build.0 = Release|Any CPU
		{84851F08-F6CC-446A-A281-F63677CB580A}.AppStore|x86.ActiveCfg = Release|Any CPU
		{84851F08-F6CC-446A-A281-F63677CB580A}.AppStore|x86.Build.0 = Release|Any CPU
		{84851F08-F6CC-446A-A281-F63677CB580A}.Debug|Any CPU.ActiveCfg = Debug|Any CPU
		{84851F08-F6CC-446A-A281-F63677CB580A}.Debug|Any CPU.Build.0 = Debug|Any CPU
		{84851F08-F6CC-446A-A281-F63677CB580A}.Debug|ARM.ActiveCfg = Debug|Any CPU
		{84851F08-F6CC-446A-A281-F63677CB580A}.Debug|ARM.Build.0 = Debug|Any CPU
		{84851F08-F6CC-446A-A281-F63677CB580A}.Debug|iPhone.ActiveCfg = Debug|Any CPU
		{84851F08-F6CC-446A-A281-F63677CB580A}.Debug|iPhone.Build.0 = Debug|Any CPU
		{84851F08-F6CC-446A-A281-F63677CB580A}.Debug|iPhoneSimulator.ActiveCfg = Debug|Any CPU
		{84851F08-F6CC-446A-A281-F63677CB580A}.Debug|iPhoneSimulator.Build.0 = Debug|Any CPU
		{84851F08-F6CC-446A-A281-F63677CB580A}.Debug|x64.ActiveCfg = Debug|Any CPU
		{84851F08-F6CC-446A-A281-F63677CB580A}.Debug|x64.Build.0 = Debug|Any CPU
		{84851F08-F6CC-446A-A281-F63677CB580A}.Debug|x86.ActiveCfg = Debug|Any CPU
		{84851F08-F6CC-446A-A281-F63677CB580A}.Debug|x86.Build.0 = Debug|Any CPU
		{84851F08-F6CC-446A-A281-F63677CB580A}.Release|Any CPU.ActiveCfg = Release|Any CPU
		{84851F08-F6CC-446A-A281-F63677CB580A}.Release|Any CPU.Build.0 = Release|Any CPU
		{84851F08-F6CC-446A-A281-F63677CB580A}.Release|ARM.ActiveCfg = Release|Any CPU
		{84851F08-F6CC-446A-A281-F63677CB580A}.Release|ARM.Build.0 = Release|Any CPU
		{84851F08-F6CC-446A-A281-F63677CB580A}.Release|iPhone.ActiveCfg = Release|Any CPU
		{84851F08-F6CC-446A-A281-F63677CB580A}.Release|iPhone.Build.0 = Release|Any CPU
		{84851F08-F6CC-446A-A281-F63677CB580A}.Release|iPhoneSimulator.ActiveCfg = Release|Any CPU
		{84851F08-F6CC-446A-A281-F63677CB580A}.Release|iPhoneSimulator.Build.0 = Release|Any CPU
		{84851F08-F6CC-446A-A281-F63677CB580A}.Release|x64.ActiveCfg = Release|Any CPU
		{84851F08-F6CC-446A-A281-F63677CB580A}.Release|x64.Build.0 = Release|Any CPU
		{84851F08-F6CC-446A-A281-F63677CB580A}.Release|x86.ActiveCfg = Release|Any CPU
		{84851F08-F6CC-446A-A281-F63677CB580A}.Release|x86.Build.0 = Release|Any CPU
	EndGlobalSection
	GlobalSection(SolutionProperties) = preSolution
		HideSolutionNode = FALSE
	EndGlobalSection
	GlobalSection(ExtensibilityGlobals) = postSolution
		SolutionGuid = {80F5149C-D28C-4D89-AB03-2E0D1BDB0B4C}
	EndGlobalSection
EndGlobal
