
Microsoft Visual Studio Solution File, Format Version 12.00
# Visual Studio 15
VisualStudioVersion = 15.0.27703.2047
MinimumVisualStudioVersion = 10.0.40219.1
Project("{FAE04EC0-301F-11D3-BF4B-00C04F79EFBC}") = "Sales.Android", "Sales\Sales.Android\Sales.Android.csproj", "{05B1B431-0AB4-424E-8C00-928BC48F1EC3}"
EndProject
Project("{FAE04EC0-301F-11D3-BF4B-00C04F79EFBC}") = "Sales.iOS", "Sales\Sales.iOS\Sales.iOS.csproj", "{0491C167-8F01-4065-B9E3-2E5F2DC346F4}"
EndProject
Project("{9A19103F-16F7-4668-BE54-9A1E7A4F7556}") = "Sales", "Sales\Sales\Sales.csproj", "{D7BC1C7D-924E-4E35-92B9-9D24C87EC813}"
EndProject
Project("{FAE04EC0-301F-11D3-BF4B-00C04F79EFBC}") = "Sales.Backend", "Sales.Backend\Sales.Backend.csproj", "{AADD9A56-1E32-4632-9BEA-1154D1A4445F}"
EndProject
Project("{FAE04EC0-301F-11D3-BF4B-00C04F79EFBC}") = "Sales.API", "Sales.API\Sales.API.csproj", "{3827CC6B-A284-41AB-91C2-CA10296203D5}"
EndProject
Project("{FAE04EC0-301F-11D3-BF4B-00C04F79EFBC}") = "Sales.Domain", "Sales.Domain\Sales.Domain.csproj", "{AC0EDC2F-7CED-44C5-A4D1-48EB260FF544}"
EndProject
Project("{FAE04EC0-301F-11D3-BF4B-00C04F79EFBC}") = "Sales.Common", "Sales.Common\Sales.Common.csproj", "{D37C24DB-359E-4B60-9AF7-BA2916D89B97}"
EndProject
Global
	GlobalSection(SolutionConfigurationPlatforms) = preSolution
		Ad-Hoc|Any CPU = Ad-Hoc|Any CPU
		Ad-Hoc|ARM = Ad-Hoc|ARM
		Ad-Hoc|iPhone = Ad-Hoc|iPhone
		Ad-Hoc|iPhoneSimulator = Ad-Hoc|iPhoneSimulator
		Ad-Hoc|x64 = Ad-Hoc|x64
		Ad-Hoc|x86 = Ad-Hoc|x86
		AppStore|Any CPU = AppStore|Any CPU
		AppStore|ARM = AppStore|ARM
		AppStore|iPhone = AppStore|iPhone
		AppStore|iPhoneSimulator = AppStore|iPhoneSimulator
		AppStore|x64 = AppStore|x64
		AppStore|x86 = AppStore|x86
		Debug|Any CPU = Debug|Any CPU
		Debug|ARM = Debug|ARM
		Debug|iPhone = Debug|iPhone
		Debug|iPhoneSimulator = Debug|iPhoneSimulator
		Debug|x64 = Debug|x64
		Debug|x86 = Debug|x86
		Release|Any CPU = Release|Any CPU
		Release|ARM = Release|ARM
		Release|iPhone = Release|iPhone
		Release|iPhoneSimulator = Release|iPhoneSimulator
		Release|x64 = Release|x64
		Release|x86 = Release|x86
	EndGlobalSection
	GlobalSection(ProjectConfigurationPlatforms) = postSolution
		{05B1B431-0AB4-424E-8C00-928BC48F1EC3}.Ad-Hoc|Any CPU.ActiveCfg = Release|Any CPU
		{05B1B431-0AB4-424E-8C00-928BC48F1EC3}.Ad-Hoc|Any CPU.Build.0 = Release|Any CPU
		{05B1B431-0AB4-424E-8C00-928BC48F1EC3}.Ad-Hoc|Any CPU.Deploy.0 = Release|Any CPU
		{05B1B431-0AB4-424E-8C00-928BC48F1EC3}.Ad-Hoc|ARM.ActiveCfg = Release|Any CPU
		{05B1B431-0AB4-424E-8C00-928BC48F1EC3}.Ad-Hoc|ARM.Build.0 = Release|Any CPU
		{05B1B431-0AB4-424E-8C00-928BC48F1EC3}.Ad-Hoc|ARM.Deploy.0 = Release|Any CPU
		{05B1B431-0AB4-424E-8C00-928BC48F1EC3}.Ad-Hoc|iPhone.ActiveCfg = Release|Any CPU
		{05B1B431-0AB4-424E-8C00-928BC48F1EC3}.Ad-Hoc|iPhone.Build.0 = Release|Any CPU
		{05B1B431-0AB4-424E-8C00-928BC48F1EC3}.Ad-Hoc|iPhone.Deploy.0 = Release|Any CPU
		{05B1B431-0AB4-424E-8C00-928BC48F1EC3}.Ad-Hoc|iPhoneSimulator.ActiveCfg = Release|Any CPU
		{05B1B431-0AB4-424E-8C00-928BC48F1EC3}.Ad-Hoc|iPhoneSimulator.Build.0 = Release|Any CPU
		{05B1B431-0AB4-424E-8C00-928BC48F1EC3}.Ad-Hoc|iPhoneSimulator.Deploy.0 = Release|Any CPU
		{05B1B431-0AB4-424E-8C00-928BC48F1EC3}.Ad-Hoc|x64.ActiveCfg = Release|Any CPU
		{05B1B431-0AB4-424E-8C00-928BC48F1EC3}.Ad-Hoc|x64.Build.0 = Release|Any CPU
		{05B1B431-0AB4-424E-8C00-928BC48F1EC3}.Ad-Hoc|x64.Deploy.0 = Release|Any CPU
		{05B1B431-0AB4-424E-8C00-928BC48F1EC3}.Ad-Hoc|x86.ActiveCfg = Release|Any CPU
		{05B1B431-0AB4-424E-8C00-928BC48F1EC3}.Ad-Hoc|x86.Build.0 = Release|Any CPU
		{05B1B431-0AB4-424E-8C00-928BC48F1EC3}.Ad-Hoc|x86.Deploy.0 = Release|Any CPU
		{05B1B431-0AB4-424E-8C00-928BC48F1EC3}.AppStore|Any CPU.ActiveCfg = Release|Any CPU
		{05B1B431-0AB4-424E-8C00-928BC48F1EC3}.AppStore|Any CPU.Build.0 = Release|Any CPU
		{05B1B431-0AB4-424E-8C00-928BC48F1EC3}.AppStore|Any CPU.Deploy.0 = Release|Any CPU
		{05B1B431-0AB4-424E-8C00-928BC48F1EC3}.AppStore|ARM.ActiveCfg = Release|Any CPU
		{05B1B431-0AB4-424E-8C00-928BC48F1EC3}.AppStore|ARM.Build.0 = Release|Any CPU
		{05B1B431-0AB4-424E-8C00-928BC48F1EC3}.AppStore|ARM.Deploy.0 = Release|Any CPU
		{05B1B431-0AB4-424E-8C00-928BC48F1EC3}.AppStore|iPhone.ActiveCfg = Release|Any CPU
		{05B1B431-0AB4-424E-8C00-928BC48F1EC3}.AppStore|iPhone.Build.0 = Release|Any CPU
		{05B1B431-0AB4-424E-8C00-928BC48F1EC3}.AppStore|iPhone.Deploy.0 = Release|Any CPU
		{05B1B431-0AB4-424E-8C00-928BC48F1EC3}.AppStore|iPhoneSimulator.ActiveCfg = Release|Any CPU
		{05B1B431-0AB4-424E-8C00-928BC48F1EC3}.AppStore|iPhoneSimulator.Build.0 = Release|Any CPU
		{05B1B431-0AB4-424E-8C00-928BC48F1EC3}.AppStore|iPhoneSimulator.Deploy.0 = Release|Any CPU
		{05B1B431-0AB4-424E-8C00-928BC48F1EC3}.AppStore|x64.ActiveCfg = Release|Any CPU
		{05B1B431-0AB4-424E-8C00-928BC48F1EC3}.AppStore|x64.Build.0 = Release|Any CPU
		{05B1B431-0AB4-424E-8C00-928BC48F1EC3}.AppStore|x64.Deploy.0 = Release|Any CPU
		{05B1B431-0AB4-424E-8C00-928BC48F1EC3}.AppStore|x86.ActiveCfg = Release|Any CPU
		{05B1B431-0AB4-424E-8C00-928BC48F1EC3}.AppStore|x86.Build.0 = Release|Any CPU
		{05B1B431-0AB4-424E-8C00-928BC48F1EC3}.AppStore|x86.Deploy.0 = Release|Any CPU
		{05B1B431-0AB4-424E-8C00-928BC48F1EC3}.Debug|Any CPU.ActiveCfg = Debug|Any CPU
		{05B1B431-0AB4-424E-8C00-928BC48F1EC3}.Debug|Any CPU.Build.0 = Debug|Any CPU
		{05B1B431-0AB4-424E-8C00-928BC48F1EC3}.Debug|Any CPU.Deploy.0 = Debug|Any CPU
		{05B1B431-0AB4-424E-8C00-928BC48F1EC3}.Debug|ARM.ActiveCfg = Debug|Any CPU
		{05B1B431-0AB4-424E-8C00-928BC48F1EC3}.Debug|ARM.Build.0 = Debug|Any CPU
		{05B1B431-0AB4-424E-8C00-928BC48F1EC3}.Debug|ARM.Deploy.0 = Debug|Any CPU
		{05B1B431-0AB4-424E-8C00-928BC48F1EC3}.Debug|iPhone.ActiveCfg = Debug|Any CPU
		{05B1B431-0AB4-424E-8C00-928BC48F1EC3}.Debug|iPhone.Build.0 = Debug|Any CPU
		{05B1B431-0AB4-424E-8C00-928BC48F1EC3}.Debug|iPhone.Deploy.0 = Debug|Any CPU
		{05B1B431-0AB4-424E-8C00-928BC48F1EC3}.Debug|iPhoneSimulator.ActiveCfg = Debug|Any CPU
		{05B1B431-0AB4-424E-8C00-928BC48F1EC3}.Debug|iPhoneSimulator.Build.0 = Debug|Any CPU
		{05B1B431-0AB4-424E-8C00-928BC48F1EC3}.Debug|iPhoneSimulator.Deploy.0 = Debug|Any CPU
		{05B1B431-0AB4-424E-8C00-928BC48F1EC3}.Debug|x64.ActiveCfg = Debug|Any CPU
		{05B1B431-0AB4-424E-8C00-928BC48F1EC3}.Debug|x64.Build.0 = Debug|Any CPU
		{05B1B431-0AB4-424E-8C00-928BC48F1EC3}.Debug|x64.Deploy.0 = Debug|Any CPU
		{05B1B431-0AB4-424E-8C00-928BC48F1EC3}.Debug|x86.ActiveCfg = Debug|Any CPU
		{05B1B431-0AB4-424E-8C00-928BC48F1EC3}.Debug|x86.Build.0 = Debug|Any CPU
		{05B1B431-0AB4-424E-8C00-928BC48F1EC3}.Debug|x86.Deploy.0 = Debug|Any CPU
		{05B1B431-0AB4-424E-8C00-928BC48F1EC3}.Release|Any CPU.ActiveCfg = Release|Any CPU
		{05B1B431-0AB4-424E-8C00-928BC48F1EC3}.Release|Any CPU.Build.0 = Release|Any CPU
		{05B1B431-0AB4-424E-8C00-928BC48F1EC3}.Release|Any CPU.Deploy.0 = Release|Any CPU
		{05B1B431-0AB4-424E-8C00-928BC48F1EC3}.Release|ARM.ActiveCfg = Release|Any CPU
		{05B1B431-0AB4-424E-8C00-928BC48F1EC3}.Release|ARM.Build.0 = Release|Any CPU
		{05B1B431-0AB4-424E-8C00-928BC48F1EC3}.Release|ARM.Deploy.0 = Release|Any CPU
		{05B1B431-0AB4-424E-8C00-928BC48F1EC3}.Release|iPhone.ActiveCfg = Release|Any CPU
		{05B1B431-0AB4-424E-8C00-928BC48F1EC3}.Release|iPhone.Build.0 = Release|Any CPU
		{05B1B431-0AB4-424E-8C00-928BC48F1EC3}.Release|iPhone.Deploy.0 = Release|Any CPU
		{05B1B431-0AB4-424E-8C00-928BC48F1EC3}.Release|iPhoneSimulator.ActiveCfg = Release|Any CPU
		{05B1B431-0AB4-424E-8C00-928BC48F1EC3}.Release|iPhoneSimulator.Build.0 = Release|Any CPU
		{05B1B431-0AB4-424E-8C00-928BC48F1EC3}.Release|iPhoneSimulator.Deploy.0 = Release|Any CPU
		{05B1B431-0AB4-424E-8C00-928BC48F1EC3}.Release|x64.ActiveCfg = Release|Any CPU
		{05B1B431-0AB4-424E-8C00-928BC48F1EC3}.Release|x64.Build.0 = Release|Any CPU
		{05B1B431-0AB4-424E-8C00-928BC48F1EC3}.Release|x64.Deploy.0 = Release|Any CPU
		{05B1B431-0AB4-424E-8C00-928BC48F1EC3}.Release|x86.ActiveCfg = Release|Any CPU
		{05B1B431-0AB4-424E-8C00-928BC48F1EC3}.Release|x86.Build.0 = Release|Any CPU
		{05B1B431-0AB4-424E-8C00-928BC48F1EC3}.Release|x86.Deploy.0 = Release|Any CPU
		{0491C167-8F01-4065-B9E3-2E5F2DC346F4}.Ad-Hoc|Any CPU.ActiveCfg = Ad-Hoc|iPhone
		{0491C167-8F01-4065-B9E3-2E5F2DC346F4}.Ad-Hoc|Any CPU.Build.0 = Ad-Hoc|iPhone
		{0491C167-8F01-4065-B9E3-2E5F2DC346F4}.Ad-Hoc|Any CPU.Deploy.0 = Ad-Hoc|iPhone
		{0491C167-8F01-4065-B9E3-2E5F2DC346F4}.Ad-Hoc|ARM.ActiveCfg = Ad-Hoc|iPhone
		{0491C167-8F01-4065-B9E3-2E5F2DC346F4}.Ad-Hoc|ARM.Build.0 = Ad-Hoc|iPhone
		{0491C167-8F01-4065-B9E3-2E5F2DC346F4}.Ad-Hoc|ARM.Deploy.0 = Ad-Hoc|iPhone
		{0491C167-8F01-4065-B9E3-2E5F2DC346F4}.Ad-Hoc|iPhone.ActiveCfg = Ad-Hoc|iPhone
		{0491C167-8F01-4065-B9E3-2E5F2DC346F4}.Ad-Hoc|iPhone.Build.0 = Ad-Hoc|iPhone
		{0491C167-8F01-4065-B9E3-2E5F2DC346F4}.Ad-Hoc|iPhone.Deploy.0 = Ad-Hoc|iPhone
		{0491C167-8F01-4065-B9E3-2E5F2DC346F4}.Ad-Hoc|iPhoneSimulator.ActiveCfg = Ad-Hoc|iPhoneSimulator
		{0491C167-8F01-4065-B9E3-2E5F2DC346F4}.Ad-Hoc|iPhoneSimulator.Build.0 = Ad-Hoc|iPhoneSimulator
		{0491C167-8F01-4065-B9E3-2E5F2DC346F4}.Ad-Hoc|iPhoneSimulator.Deploy.0 = Ad-Hoc|iPhoneSimulator
		{0491C167-8F01-4065-B9E3-2E5F2DC346F4}.Ad-Hoc|x64.ActiveCfg = Ad-Hoc|iPhone
		{0491C167-8F01-4065-B9E3-2E5F2DC346F4}.Ad-Hoc|x64.Build.0 = Ad-Hoc|iPhone
		{0491C167-8F01-4065-B9E3-2E5F2DC346F4}.Ad-Hoc|x64.Deploy.0 = Ad-Hoc|iPhone
		{0491C167-8F01-4065-B9E3-2E5F2DC346F4}.Ad-Hoc|x86.ActiveCfg = Ad-Hoc|iPhone
		{0491C167-8F01-4065-B9E3-2E5F2DC346F4}.Ad-Hoc|x86.Build.0 = Ad-Hoc|iPhone
		{0491C167-8F01-4065-B9E3-2E5F2DC346F4}.Ad-Hoc|x86.Deploy.0 = Ad-Hoc|iPhone
		{0491C167-8F01-4065-B9E3-2E5F2DC346F4}.AppStore|Any CPU.ActiveCfg = AppStore|iPhone
		{0491C167-8F01-4065-B9E3-2E5F2DC346F4}.AppStore|Any CPU.Build.0 = AppStore|iPhone
		{0491C167-8F01-4065-B9E3-2E5F2DC346F4}.AppStore|Any CPU.Deploy.0 = AppStore|iPhone
		{0491C167-8F01-4065-B9E3-2E5F2DC346F4}.AppStore|ARM.ActiveCfg = AppStore|iPhone
		{0491C167-8F01-4065-B9E3-2E5F2DC346F4}.AppStore|ARM.Build.0 = AppStore|iPhone
		{0491C167-8F01-4065-B9E3-2E5F2DC346F4}.AppStore|ARM.Deploy.0 = AppStore|iPhone
		{0491C167-8F01-4065-B9E3-2E5F2DC346F4}.AppStore|iPhone.ActiveCfg = AppStore|iPhone
		{0491C167-8F01-4065-B9E3-2E5F2DC346F4}.AppStore|iPhone.Build.0 = AppStore|iPhone
		{0491C167-8F01-4065-B9E3-2E5F2DC346F4}.AppStore|iPhone.Deploy.0 = AppStore|iPhone
		{0491C167-8F01-4065-B9E3-2E5F2DC346F4}.AppStore|iPhoneSimulator.ActiveCfg = AppStore|iPhoneSimulator
		{0491C167-8F01-4065-B9E3-2E5F2DC346F4}.AppStore|iPhoneSimulator.Build.0 = AppStore|iPhoneSimulator
		{0491C167-8F01-4065-B9E3-2E5F2DC346F4}.AppStore|iPhoneSimulator.Deploy.0 = AppStore|iPhoneSimulator
		{0491C167-8F01-4065-B9E3-2E5F2DC346F4}.AppStore|x64.ActiveCfg = AppStore|iPhone
		{0491C167-8F01-4065-B9E3-2E5F2DC346F4}.AppStore|x64.Build.0 = AppStore|iPhone
		{0491C167-8F01-4065-B9E3-2E5F2DC346F4}.AppStore|x64.Deploy.0 = AppStore|iPhone
		{0491C167-8F01-4065-B9E3-2E5F2DC346F4}.AppStore|x86.ActiveCfg = AppStore|iPhone
		{0491C167-8F01-4065-B9E3-2E5F2DC346F4}.AppStore|x86.Build.0 = AppStore|iPhone
		{0491C167-8F01-4065-B9E3-2E5F2DC346F4}.AppStore|x86.Deploy.0 = AppStore|iPhone
		{0491C167-8F01-4065-B9E3-2E5F2DC346F4}.Debug|Any CPU.ActiveCfg = Debug|iPhoneSimulator
		{0491C167-8F01-4065-B9E3-2E5F2DC346F4}.Debug|Any CPU.Build.0 = Debug|iPhoneSimulator
		{0491C167-8F01-4065-B9E3-2E5F2DC346F4}.Debug|Any CPU.Deploy.0 = Debug|iPhoneSimulator
		{0491C167-8F01-4065-B9E3-2E5F2DC346F4}.Debug|ARM.ActiveCfg = Debug|iPhone
		{0491C167-8F01-4065-B9E3-2E5F2DC346F4}.Debug|ARM.Build.0 = Debug|iPhone
		{0491C167-8F01-4065-B9E3-2E5F2DC346F4}.Debug|ARM.Deploy.0 = Debug|iPhone
		{0491C167-8F01-4065-B9E3-2E5F2DC346F4}.Debug|iPhone.ActiveCfg = Debug|iPhone
		{0491C167-8F01-4065-B9E3-2E5F2DC346F4}.Debug|iPhone.Build.0 = Debug|iPhone
		{0491C167-8F01-4065-B9E3-2E5F2DC346F4}.Debug|iPhone.Deploy.0 = Debug|iPhone
		{0491C167-8F01-4065-B9E3-2E5F2DC346F4}.Debug|iPhoneSimulator.ActiveCfg = Debug|iPhoneSimulator
		{0491C167-8F01-4065-B9E3-2E5F2DC346F4}.Debug|iPhoneSimulator.Build.0 = Debug|iPhoneSimulator
		{0491C167-8F01-4065-B9E3-2E5F2DC346F4}.Debug|iPhoneSimulator.Deploy.0 = Debug|iPhoneSimulator
		{0491C167-8F01-4065-B9E3-2E5F2DC346F4}.Debug|x64.ActiveCfg = Debug|iPhone
		{0491C167-8F01-4065-B9E3-2E5F2DC346F4}.Debug|x64.Build.0 = Debug|iPhone
		{0491C167-8F01-4065-B9E3-2E5F2DC346F4}.Debug|x64.Deploy.0 = Debug|iPhone
		{0491C167-8F01-4065-B9E3-2E5F2DC346F4}.Debug|x86.ActiveCfg = Debug|iPhone
		{0491C167-8F01-4065-B9E3-2E5F2DC346F4}.Debug|x86.Build.0 = Debug|iPhone
		{0491C167-8F01-4065-B9E3-2E5F2DC346F4}.Debug|x86.Deploy.0 = Debug|iPhone
		{0491C167-8F01-4065-B9E3-2E5F2DC346F4}.Release|Any CPU.ActiveCfg = Release|iPhone
		{0491C167-8F01-4065-B9E3-2E5F2DC346F4}.Release|Any CPU.Build.0 = Release|iPhone
		{0491C167-8F01-4065-B9E3-2E5F2DC346F4}.Release|Any CPU.Deploy.0 = Release|iPhone
		{0491C167-8F01-4065-B9E3-2E5F2DC346F4}.Release|ARM.ActiveCfg = Release|iPhone
		{0491C167-8F01-4065-B9E3-2E5F2DC346F4}.Release|ARM.Build.0 = Release|iPhone
		{0491C167-8F01-4065-B9E3-2E5F2DC346F4}.Release|ARM.Deploy.0 = Release|iPhone
		{0491C167-8F01-4065-B9E3-2E5F2DC346F4}.Release|iPhone.ActiveCfg = Release|iPhone
		{0491C167-8F01-4065-B9E3-2E5F2DC346F4}.Release|iPhone.Build.0 = Release|iPhone
		{0491C167-8F01-4065-B9E3-2E5F2DC346F4}.Release|iPhone.Deploy.0 = Release|iPhone
		{0491C167-8F01-4065-B9E3-2E5F2DC346F4}.Release|iPhoneSimulator.ActiveCfg = Release|iPhoneSimulator
		{0491C167-8F01-4065-B9E3-2E5F2DC346F4}.Release|iPhoneSimulator.Build.0 = Release|iPhoneSimulator
		{0491C167-8F01-4065-B9E3-2E5F2DC346F4}.Release|iPhoneSimulator.Deploy.0 = Release|iPhoneSimulator
		{0491C167-8F01-4065-B9E3-2E5F2DC346F4}.Release|x64.ActiveCfg = Release|iPhone
		{0491C167-8F01-4065-B9E3-2E5F2DC346F4}.Release|x64.Build.0 = Release|iPhone
		{0491C167-8F01-4065-B9E3-2E5F2DC346F4}.Release|x64.Deploy.0 = Release|iPhone
		{0491C167-8F01-4065-B9E3-2E5F2DC346F4}.Release|x86.ActiveCfg = Release|iPhone
		{0491C167-8F01-4065-B9E3-2E5F2DC346F4}.Release|x86.Build.0 = Release|iPhone
		{0491C167-8F01-4065-B9E3-2E5F2DC346F4}.Release|x86.Deploy.0 = Release|iPhone
		{D7BC1C7D-924E-4E35-92B9-9D24C87EC813}.Ad-Hoc|Any CPU.ActiveCfg = Debug|Any CPU
		{D7BC1C7D-924E-4E35-92B9-9D24C87EC813}.Ad-Hoc|Any CPU.Build.0 = Debug|Any CPU
		{D7BC1C7D-924E-4E35-92B9-9D24C87EC813}.Ad-Hoc|Any CPU.Deploy.0 = Debug|Any CPU
		{D7BC1C7D-924E-4E35-92B9-9D24C87EC813}.Ad-Hoc|ARM.ActiveCfg = Debug|Any CPU
		{D7BC1C7D-924E-4E35-92B9-9D24C87EC813}.Ad-Hoc|ARM.Build.0 = Debug|Any CPU
		{D7BC1C7D-924E-4E35-92B9-9D24C87EC813}.Ad-Hoc|ARM.Deploy.0 = Debug|Any CPU
		{D7BC1C7D-924E-4E35-92B9-9D24C87EC813}.Ad-Hoc|iPhone.ActiveCfg = Debug|Any CPU
		{D7BC1C7D-924E-4E35-92B9-9D24C87EC813}.Ad-Hoc|iPhone.Build.0 = Debug|Any CPU
		{D7BC1C7D-924E-4E35-92B9-9D24C87EC813}.Ad-Hoc|iPhone.Deploy.0 = Debug|Any CPU
		{D7BC1C7D-924E-4E35-92B9-9D24C87EC813}.Ad-Hoc|iPhoneSimulator.ActiveCfg = Debug|Any CPU
		{D7BC1C7D-924E-4E35-92B9-9D24C87EC813}.Ad-Hoc|iPhoneSimulator.Build.0 = Debug|Any CPU
		{D7BC1C7D-924E-4E35-92B9-9D24C87EC813}.Ad-Hoc|iPhoneSimulator.Deploy.0 = Debug|Any CPU
		{D7BC1C7D-924E-4E35-92B9-9D24C87EC813}.Ad-Hoc|x64.ActiveCfg = Debug|Any CPU
		{D7BC1C7D-924E-4E35-92B9-9D24C87EC813}.Ad-Hoc|x64.Build.0 = Debug|Any CPU
		{D7BC1C7D-924E-4E35-92B9-9D24C87EC813}.Ad-Hoc|x64.Deploy.0 = Debug|Any CPU
		{D7BC1C7D-924E-4E35-92B9-9D24C87EC813}.Ad-Hoc|x86.ActiveCfg = Debug|Any CPU
		{D7BC1C7D-924E-4E35-92B9-9D24C87EC813}.Ad-Hoc|x86.Build.0 = Debug|Any CPU
		{D7BC1C7D-924E-4E35-92B9-9D24C87EC813}.Ad-Hoc|x86.Deploy.0 = Debug|Any CPU
		{D7BC1C7D-924E-4E35-92B9-9D24C87EC813}.AppStore|Any CPU.ActiveCfg = Debug|Any CPU
		{D7BC1C7D-924E-4E35-92B9-9D24C87EC813}.AppStore|Any CPU.Build.0 = Debug|Any CPU
		{D7BC1C7D-924E-4E35-92B9-9D24C87EC813}.AppStore|Any CPU.Deploy.0 = Debug|Any CPU
		{D7BC1C7D-924E-4E35-92B9-9D24C87EC813}.AppStore|ARM.ActiveCfg = Debug|Any CPU
		{D7BC1C7D-924E-4E35-92B9-9D24C87EC813}.AppStore|ARM.Build.0 = Debug|Any CPU
		{D7BC1C7D-924E-4E35-92B9-9D24C87EC813}.AppStore|ARM.Deploy.0 = Debug|Any CPU
		{D7BC1C7D-924E-4E35-92B9-9D24C87EC813}.AppStore|iPhone.ActiveCfg = Debug|Any CPU
		{D7BC1C7D-924E-4E35-92B9-9D24C87EC813}.AppStore|iPhone.Build.0 = Debug|Any CPU
		{D7BC1C7D-924E-4E35-92B9-9D24C87EC813}.AppStore|iPhone.Deploy.0 = Debug|Any CPU
		{D7BC1C7D-924E-4E35-92B9-9D24C87EC813}.AppStore|iPhoneSimulator.ActiveCfg = Debug|Any CPU
		{D7BC1C7D-924E-4E35-92B9-9D24C87EC813}.AppStore|iPhoneSimulator.Build.0 = Debug|Any CPU
		{D7BC1C7D-924E-4E35-92B9-9D24C87EC813}.AppStore|iPhoneSimulator.Deploy.0 = Debug|Any CPU
		{D7BC1C7D-924E-4E35-92B9-9D24C87EC813}.AppStore|x64.ActiveCfg = Debug|Any CPU
		{D7BC1C7D-924E-4E35-92B9-9D24C87EC813}.AppStore|x64.Build.0 = Debug|Any CPU
		{D7BC1C7D-924E-4E35-92B9-9D24C87EC813}.AppStore|x64.Deploy.0 = Debug|Any CPU
		{D7BC1C7D-924E-4E35-92B9-9D24C87EC813}.AppStore|x86.ActiveCfg = Debug|Any CPU
		{D7BC1C7D-924E-4E35-92B9-9D24C87EC813}.AppStore|x86.Build.0 = Debug|Any CPU
		{D7BC1C7D-924E-4E35-92B9-9D24C87EC813}.AppStore|x86.Deploy.0 = Debug|Any CPU
		{D7BC1C7D-924E-4E35-92B9-9D24C87EC813}.Debug|Any CPU.ActiveCfg = Debug|Any CPU
		{D7BC1C7D-924E-4E35-92B9-9D24C87EC813}.Debug|Any CPU.Build.0 = Debug|Any CPU
		{D7BC1C7D-924E-4E35-92B9-9D24C87EC813}.Debug|Any CPU.Deploy.0 = Debug|Any CPU
		{D7BC1C7D-924E-4E35-92B9-9D24C87EC813}.Debug|ARM.ActiveCfg = Debug|Any CPU
		{D7BC1C7D-924E-4E35-92B9-9D24C87EC813}.Debug|ARM.Build.0 = Debug|Any CPU
		{D7BC1C7D-924E-4E35-92B9-9D24C87EC813}.Debug|ARM.Deploy.0 = Debug|Any CPU
		{D7BC1C7D-924E-4E35-92B9-9D24C87EC813}.Debug|iPhone.ActiveCfg = Debug|Any CPU
		{D7BC1C7D-924E-4E35-92B9-9D24C87EC813}.Debug|iPhone.Build.0 = Debug|Any CPU
		{D7BC1C7D-924E-4E35-92B9-9D24C87EC813}.Debug|iPhone.Deploy.0 = Debug|Any CPU
		{D7BC1C7D-924E-4E35-92B9-9D24C87EC813}.Debug|iPhoneSimulator.ActiveCfg = Debug|Any CPU
		{D7BC1C7D-924E-4E35-92B9-9D24C87EC813}.Debug|iPhoneSimulator.Build.0 = Debug|Any CPU
		{D7BC1C7D-924E-4E35-92B9-9D24C87EC813}.Debug|iPhoneSimulator.Deploy.0 = Debug|Any CPU
		{D7BC1C7D-924E-4E35-92B9-9D24C87EC813}.Debug|x64.ActiveCfg = Debug|Any CPU
		{D7BC1C7D-924E-4E35-92B9-9D24C87EC813}.Debug|x64.Build.0 = Debug|Any CPU
		{D7BC1C7D-924E-4E35-92B9-9D24C87EC813}.Debug|x64.Deploy.0 = Debug|Any CPU
		{D7BC1C7D-924E-4E35-92B9-9D24C87EC813}.Debug|x86.ActiveCfg = Debug|Any CPU
		{D7BC1C7D-924E-4E35-92B9-9D24C87EC813}.Debug|x86.Build.0 = Debug|Any CPU
		{D7BC1C7D-924E-4E35-92B9-9D24C87EC813}.Debug|x86.Deploy.0 = Debug|Any CPU
		{D7BC1C7D-924E-4E35-92B9-9D24C87EC813}.Release|Any CPU.ActiveCfg = Release|Any CPU
		{D7BC1C7D-924E-4E35-92B9-9D24C87EC813}.Release|Any CPU.Build.0 = Release|Any CPU
		{D7BC1C7D-924E-4E35-92B9-9D24C87EC813}.Release|Any CPU.Deploy.0 = Release|Any CPU
		{D7BC1C7D-924E-4E35-92B9-9D24C87EC813}.Release|ARM.ActiveCfg = Release|Any CPU
		{D7BC1C7D-924E-4E35-92B9-9D24C87EC813}.Release|ARM.Build.0 = Release|Any CPU
		{D7BC1C7D-924E-4E35-92B9-9D24C87EC813}.Release|ARM.Deploy.0 = Release|Any CPU
		{D7BC1C7D-924E-4E35-92B9-9D24C87EC813}.Release|iPhone.ActiveCfg = Release|Any CPU
		{D7BC1C7D-924E-4E35-92B9-9D24C87EC813}.Release|iPhone.Build.0 = Release|Any CPU
		{D7BC1C7D-924E-4E35-92B9-9D24C87EC813}.Release|iPhone.Deploy.0 = Release|Any CPU
		{D7BC1C7D-924E-4E35-92B9-9D24C87EC813}.Release|iPhoneSimulator.ActiveCfg = Release|Any CPU
		{D7BC1C7D-924E-4E35-92B9-9D24C87EC813}.Release|iPhoneSimulator.Build.0 = Release|Any CPU
		{D7BC1C7D-924E-4E35-92B9-9D24C87EC813}.Release|iPhoneSimulator.Deploy.0 = Release|Any CPU
		{D7BC1C7D-924E-4E35-92B9-9D24C87EC813}.Release|x64.ActiveCfg = Release|Any CPU
		{D7BC1C7D-924E-4E35-92B9-9D24C87EC813}.Release|x64.Build.0 = Release|Any CPU
		{D7BC1C7D-924E-4E35-92B9-9D24C87EC813}.Release|x64.Deploy.0 = Release|Any CPU
		{D7BC1C7D-924E-4E35-92B9-9D24C87EC813}.Release|x86.ActiveCfg = Release|Any CPU
		{D7BC1C7D-924E-4E35-92B9-9D24C87EC813}.Release|x86.Build.0 = Release|Any CPU
		{D7BC1C7D-924E-4E35-92B9-9D24C87EC813}.Release|x86.Deploy.0 = Release|Any CPU
		{AADD9A56-1E32-4632-9BEA-1154D1A4445F}.Ad-Hoc|Any CPU.ActiveCfg = Release|Any CPU
		{AADD9A56-1E32-4632-9BEA-1154D1A4445F}.Ad-Hoc|Any CPU.Build.0 = Release|Any CPU
		{AADD9A56-1E32-4632-9BEA-1154D1A4445F}.Ad-Hoc|ARM.ActiveCfg = Release|Any CPU
		{AADD9A56-1E32-4632-9BEA-1154D1A4445F}.Ad-Hoc|ARM.Build.0 = Release|Any CPU
		{AADD9A56-1E32-4632-9BEA-1154D1A4445F}.Ad-Hoc|iPhone.ActiveCfg = Release|Any CPU
		{AADD9A56-1E32-4632-9BEA-1154D1A4445F}.Ad-Hoc|iPhone.Build.0 = Release|Any CPU
		{AADD9A56-1E32-4632-9BEA-1154D1A4445F}.Ad-Hoc|iPhoneSimulator.ActiveCfg = Release|Any CPU
		{AADD9A56-1E32-4632-9BEA-1154D1A4445F}.Ad-Hoc|iPhoneSimulator.Build.0 = Release|Any CPU
		{AADD9A56-1E32-4632-9BEA-1154D1A4445F}.Ad-Hoc|x64.ActiveCfg = Release|Any CPU
		{AADD9A56-1E32-4632-9BEA-1154D1A4445F}.Ad-Hoc|x64.Build.0 = Release|Any CPU
		{AADD9A56-1E32-4632-9BEA-1154D1A4445F}.Ad-Hoc|x86.ActiveCfg = Release|Any CPU
		{AADD9A56-1E32-4632-9BEA-1154D1A4445F}.Ad-Hoc|x86.Build.0 = Release|Any CPU
		{AADD9A56-1E32-4632-9BEA-1154D1A4445F}.AppStore|Any CPU.ActiveCfg = Release|Any CPU
		{AADD9A56-1E32-4632-9BEA-1154D1A4445F}.AppStore|Any CPU.Build.0 = Release|Any CPU
		{AADD9A56-1E32-4632-9BEA-1154D1A4445F}.AppStore|ARM.ActiveCfg = Release|Any CPU
		{AADD9A56-1E32-4632-9BEA-1154D1A4445F}.AppStore|ARM.Build.0 = Release|Any CPU
		{AADD9A56-1E32-4632-9BEA-1154D1A4445F}.AppStore|iPhone.ActiveCfg = Release|Any CPU
		{AADD9A56-1E32-4632-9BEA-1154D1A4445F}.AppStore|iPhone.Build.0 = Release|Any CPU
		{AADD9A56-1E32-4632-9BEA-1154D1A4445F}.AppStore|iPhoneSimulator.ActiveCfg = Release|Any CPU
		{AADD9A56-1E32-4632-9BEA-1154D1A4445F}.AppStore|iPhoneSimulator.Build.0 = Release|Any CPU
		{AADD9A56-1E32-4632-9BEA-1154D1A4445F}.AppStore|x64.ActiveCfg = Release|Any CPU
		{AADD9A56-1E32-4632-9BEA-1154D1A4445F}.AppStore|x64.Build.0 = Release|Any CPU
		{AADD9A56-1E32-4632-9BEA-1154D1A4445F}.AppStore|x86.ActiveCfg = Release|Any CPU
		{AADD9A56-1E32-4632-9BEA-1154D1A4445F}.AppStore|x86.Build.0 = Release|Any CPU
		{AADD9A56-1E32-4632-9BEA-1154D1A4445F}.Debug|Any CPU.ActiveCfg = Debug|Any CPU
		{AADD9A56-1E32-4632-9BEA-1154D1A4445F}.Debug|Any CPU.Build.0 = Debug|Any CPU
		{AADD9A56-1E32-4632-9BEA-1154D1A4445F}.Debug|ARM.ActiveCfg = Debug|Any CPU
		{AADD9A56-1E32-4632-9BEA-1154D1A4445F}.Debug|ARM.Build.0 = Debug|Any CPU
		{AADD9A56-1E32-4632-9BEA-1154D1A4445F}.Debug|iPhone.ActiveCfg = Debug|Any CPU
		{AADD9A56-1E32-4632-9BEA-1154D1A4445F}.Debug|iPhone.Build.0 = Debug|Any CPU
		{AADD9A56-1E32-4632-9BEA-1154D1A4445F}.Debug|iPhoneSimulator.ActiveCfg = Debug|Any CPU
		{AADD9A56-1E32-4632-9BEA-1154D1A4445F}.Debug|iPhoneSimulator.Build.0 = Debug|Any CPU
		{AADD9A56-1E32-4632-9BEA-1154D1A4445F}.Debug|x64.ActiveCfg = Debug|Any CPU
		{AADD9A56-1E32-4632-9BEA-1154D1A4445F}.Debug|x64.Build.0 = Debug|Any CPU
		{AADD9A56-1E32-4632-9BEA-1154D1A4445F}.Debug|x86.ActiveCfg = Debug|Any CPU
		{AADD9A56-1E32-4632-9BEA-1154D1A4445F}.Debug|x86.Build.0 = Debug|Any CPU
		{AADD9A56-1E32-4632-9BEA-1154D1A4445F}.Release|Any CPU.ActiveCfg = Release|Any CPU
		{AADD9A56-1E32-4632-9BEA-1154D1A4445F}.Release|Any CPU.Build.0 = Release|Any CPU
		{AADD9A56-1E32-4632-9BEA-1154D1A4445F}.Release|ARM.ActiveCfg = Release|Any CPU
		{AADD9A56-1E32-4632-9BEA-1154D1A4445F}.Release|ARM.Build.0 = Release|Any CPU
		{AADD9A56-1E32-4632-9BEA-1154D1A4445F}.Release|iPhone.ActiveCfg = Release|Any CPU
		{AADD9A56-1E32-4632-9BEA-1154D1A4445F}.Release|iPhone.Build.0 = Release|Any CPU
		{AADD9A56-1E32-4632-9BEA-1154D1A4445F}.Release|iPhoneSimulator.ActiveCfg = Release|Any CPU
		{AADD9A56-1E32-4632-9BEA-1154D1A4445F}.Release|iPhoneSimulator.Build.0 = Release|Any CPU
		{AADD9A56-1E32-4632-9BEA-1154D1A4445F}.Release|x64.ActiveCfg = Release|Any CPU
		{AADD9A56-1E32-4632-9BEA-1154D1A4445F}.Release|x64.Build.0 = Release|Any CPU
		{AADD9A56-1E32-4632-9BEA-1154D1A4445F}.Release|x86.ActiveCfg = Release|Any CPU
		{AADD9A56-1E32-4632-9BEA-1154D1A4445F}.Release|x86.Build.0 = Release|Any CPU
		{3827CC6B-A284-41AB-91C2-CA10296203D5}.Ad-Hoc|Any CPU.ActiveCfg = Release|Any CPU
		{3827CC6B-A284-41AB-91C2-CA10296203D5}.Ad-Hoc|Any CPU.Build.0 = Release|Any CPU
		{3827CC6B-A284-41AB-91C2-CA10296203D5}.Ad-Hoc|ARM.ActiveCfg = Release|Any CPU
		{3827CC6B-A284-41AB-91C2-CA10296203D5}.Ad-Hoc|ARM.Build.0 = Release|Any CPU
		{3827CC6B-A284-41AB-91C2-CA10296203D5}.Ad-Hoc|iPhone.ActiveCfg = Release|Any CPU
		{3827CC6B-A284-41AB-91C2-CA10296203D5}.Ad-Hoc|iPhone.Build.0 = Release|Any CPU
		{3827CC6B-A284-41AB-91C2-CA10296203D5}.Ad-Hoc|iPhoneSimulator.ActiveCfg = Release|Any CPU
		{3827CC6B-A284-41AB-91C2-CA10296203D5}.Ad-Hoc|iPhoneSimulator.Build.0 = Release|Any CPU
		{3827CC6B-A284-41AB-91C2-CA10296203D5}.Ad-Hoc|x64.ActiveCfg = Release|Any CPU
		{3827CC6B-A284-41AB-91C2-CA10296203D5}.Ad-Hoc|x64.Build.0 = Release|Any CPU
		{3827CC6B-A284-41AB-91C2-CA10296203D5}.Ad-Hoc|x86.ActiveCfg = Release|Any CPU
		{3827CC6B-A284-41AB-91C2-CA10296203D5}.Ad-Hoc|x86.Build.0 = Release|Any CPU
		{3827CC6B-A284-41AB-91C2-CA10296203D5}.AppStore|Any CPU.ActiveCfg = Release|Any CPU
		{3827CC6B-A284-41AB-91C2-CA10296203D5}.AppStore|Any CPU.Build.0 = Release|Any CPU
		{3827CC6B-A284-41AB-91C2-CA10296203D5}.AppStore|ARM.ActiveCfg = Release|Any CPU
		{3827CC6B-A284-41AB-91C2-CA10296203D5}.AppStore|ARM.Build.0 = Release|Any CPU
		{3827CC6B-A284-41AB-91C2-CA10296203D5}.AppStore|iPhone.ActiveCfg = Release|Any CPU
		{3827CC6B-A284-41AB-91C2-CA10296203D5}.AppStore|iPhone.Build.0 = Release|Any CPU
		{3827CC6B-A284-41AB-91C2-CA10296203D5}.AppStore|iPhoneSimulator.ActiveCfg = Release|Any CPU
		{3827CC6B-A284-41AB-91C2-CA10296203D5}.AppStore|iPhoneSimulator.Build.0 = Release|Any CPU
		{3827CC6B-A284-41AB-91C2-CA10296203D5}.AppStore|x64.ActiveCfg = Release|Any CPU
		{3827CC6B-A284-41AB-91C2-CA10296203D5}.AppStore|x64.Build.0 = Release|Any CPU
		{3827CC6B-A284-41AB-91C2-CA10296203D5}.AppStore|x86.ActiveCfg = Release|Any CPU
		{3827CC6B-A284-41AB-91C2-CA10296203D5}.AppStore|x86.Build.0 = Release|Any CPU
		{3827CC6B-A284-41AB-91C2-CA10296203D5}.Debug|Any CPU.ActiveCfg = Debug|Any CPU
		{3827CC6B-A284-41AB-91C2-CA10296203D5}.Debug|Any CPU.Build.0 = Debug|Any CPU
		{3827CC6B-A284-41AB-91C2-CA10296203D5}.Debug|ARM.ActiveCfg = Debug|Any CPU
		{3827CC6B-A284-41AB-91C2-CA10296203D5}.Debug|ARM.Build.0 = Debug|Any CPU
		{3827CC6B-A284-41AB-91C2-CA10296203D5}.Debug|iPhone.ActiveCfg = Debug|Any CPU
		{3827CC6B-A284-41AB-91C2-CA10296203D5}.Debug|iPhone.Build.0 = Debug|Any CPU
		{3827CC6B-A284-41AB-91C2-CA10296203D5}.Debug|iPhoneSimulator.ActiveCfg = Debug|Any CPU
		{3827CC6B-A284-41AB-91C2-CA10296203D5}.Debug|iPhoneSimulator.Build.0 = Debug|Any CPU
		{3827CC6B-A284-41AB-91C2-CA10296203D5}.Debug|x64.ActiveCfg = Debug|Any CPU
		{3827CC6B-A284-41AB-91C2-CA10296203D5}.Debug|x64.Build.0 = Debug|Any CPU
		{3827CC6B-A284-41AB-91C2-CA10296203D5}.Debug|x86.ActiveCfg = Debug|Any CPU
		{3827CC6B-A284-41AB-91C2-CA10296203D5}.Debug|x86.Build.0 = Debug|Any CPU
		{3827CC6B-A284-41AB-91C2-CA10296203D5}.Release|Any CPU.ActiveCfg = Release|Any CPU
		{3827CC6B-A284-41AB-91C2-CA10296203D5}.Release|Any CPU.Build.0 = Release|Any CPU
		{3827CC6B-A284-41AB-91C2-CA10296203D5}.Release|ARM.ActiveCfg = Release|Any CPU
		{3827CC6B-A284-41AB-91C2-CA10296203D5}.Release|ARM.Build.0 = Release|Any CPU
		{3827CC6B-A284-41AB-91C2-CA10296203D5}.Release|iPhone.ActiveCfg = Release|Any CPU
		{3827CC6B-A284-41AB-91C2-CA10296203D5}.Release|iPhone.Build.0 = Release|Any CPU
		{3827CC6B-A284-41AB-91C2-CA10296203D5}.Release|iPhoneSimulator.ActiveCfg = Release|Any CPU
		{3827CC6B-A284-41AB-91C2-CA10296203D5}.Release|iPhoneSimulator.Build.0 = Release|Any CPU
		{3827CC6B-A284-41AB-91C2-CA10296203D5}.Release|x64.ActiveCfg = Release|Any CPU
		{3827CC6B-A284-41AB-91C2-CA10296203D5}.Release|x64.Build.0 = Release|Any CPU
		{3827CC6B-A284-41AB-91C2-CA10296203D5}.Release|x86.ActiveCfg = Release|Any CPU
		{3827CC6B-A284-41AB-91C2-CA10296203D5}.Release|x86.Build.0 = Release|Any CPU
		{AC0EDC2F-7CED-44C5-A4D1-48EB260FF544}.Ad-Hoc|Any CPU.ActiveCfg = Release|Any CPU
		{AC0EDC2F-7CED-44C5-A4D1-48EB260FF544}.Ad-Hoc|Any CPU.Build.0 = Release|Any CPU
		{AC0EDC2F-7CED-44C5-A4D1-48EB260FF544}.Ad-Hoc|ARM.ActiveCfg = Release|Any CPU
		{AC0EDC2F-7CED-44C5-A4D1-48EB260FF544}.Ad-Hoc|ARM.Build.0 = Release|Any CPU
		{AC0EDC2F-7CED-44C5-A4D1-48EB260FF544}.Ad-Hoc|iPhone.ActiveCfg = Release|Any CPU
		{AC0EDC2F-7CED-44C5-A4D1-48EB260FF544}.Ad-Hoc|iPhone.Build.0 = Release|Any CPU
		{AC0EDC2F-7CED-44C5-A4D1-48EB260FF544}.Ad-Hoc|iPhoneSimulator.ActiveCfg = Release|Any CPU
		{AC0EDC2F-7CED-44C5-A4D1-48EB260FF544}.Ad-Hoc|iPhoneSimulator.Build.0 = Release|Any CPU
		{AC0EDC2F-7CED-44C5-A4D1-48EB260FF544}.Ad-Hoc|x64.ActiveCfg = Release|Any CPU
		{AC0EDC2F-7CED-44C5-A4D1-48EB260FF544}.Ad-Hoc|x64.Build.0 = Release|Any CPU
		{AC0EDC2F-7CED-44C5-A4D1-48EB260FF544}.Ad-Hoc|x86.ActiveCfg = Release|Any CPU
		{AC0EDC2F-7CED-44C5-A4D1-48EB260FF544}.Ad-Hoc|x86.Build.0 = Release|Any CPU
		{AC0EDC2F-7CED-44C5-A4D1-48EB260FF544}.AppStore|Any CPU.ActiveCfg = Release|Any CPU
		{AC0EDC2F-7CED-44C5-A4D1-48EB260FF544}.AppStore|Any CPU.Build.0 = Release|Any CPU
		{AC0EDC2F-7CED-44C5-A4D1-48EB260FF544}.AppStore|ARM.ActiveCfg = Release|Any CPU
		{AC0EDC2F-7CED-44C5-A4D1-48EB260FF544}.AppStore|ARM.Build.0 = Release|Any CPU
		{AC0EDC2F-7CED-44C5-A4D1-48EB260FF544}.AppStore|iPhone.ActiveCfg = Release|Any CPU
		{AC0EDC2F-7CED-44C5-A4D1-48EB260FF544}.AppStore|iPhone.Build.0 = Release|Any CPU
		{AC0EDC2F-7CED-44C5-A4D1-48EB260FF544}.AppStore|iPhoneSimulator.ActiveCfg = Release|Any CPU
		{AC0EDC2F-7CED-44C5-A4D1-48EB260FF544}.AppStore|iPhoneSimulator.Build.0 = Release|Any CPU
		{AC0EDC2F-7CED-44C5-A4D1-48EB260FF544}.AppStore|x64.ActiveCfg = Release|Any CPU
		{AC0EDC2F-7CED-44C5-A4D1-48EB260FF544}.AppStore|x64.Build.0 = Release|Any CPU
		{AC0EDC2F-7CED-44C5-A4D1-48EB260FF544}.AppStore|x86.ActiveCfg = Release|Any CPU
		{AC0EDC2F-7CED-44C5-A4D1-48EB260FF544}.AppStore|x86.Build.0 = Release|Any CPU
		{AC0EDC2F-7CED-44C5-A4D1-48EB260FF544}.Debug|Any CPU.ActiveCfg = Debug|Any CPU
		{AC0EDC2F-7CED-44C5-A4D1-48EB260FF544}.Debug|Any CPU.Build.0 = Debug|Any CPU
		{AC0EDC2F-7CED-44C5-A4D1-48EB260FF544}.Debug|ARM.ActiveCfg = Debug|Any CPU
		{AC0EDC2F-7CED-44C5-A4D1-48EB260FF544}.Debug|ARM.Build.0 = Debug|Any CPU
		{AC0EDC2F-7CED-44C5-A4D1-48EB260FF544}.Debug|iPhone.ActiveCfg = Debug|Any CPU
		{AC0EDC2F-7CED-44C5-A4D1-48EB260FF544}.Debug|iPhone.Build.0 = Debug|Any CPU
		{AC0EDC2F-7CED-44C5-A4D1-48EB260FF544}.Debug|iPhoneSimulator.ActiveCfg = Debug|Any CPU
		{AC0EDC2F-7CED-44C5-A4D1-48EB260FF544}.Debug|iPhoneSimulator.Build.0 = Debug|Any CPU
		{AC0EDC2F-7CED-44C5-A4D1-48EB260FF544}.Debug|x64.ActiveCfg = Debug|Any CPU
		{AC0EDC2F-7CED-44C5-A4D1-48EB260FF544}.Debug|x64.Build.0 = Debug|Any CPU
		{AC0EDC2F-7CED-44C5-A4D1-48EB260FF544}.Debug|x86.ActiveCfg = Debug|Any CPU
		{AC0EDC2F-7CED-44C5-A4D1-48EB260FF544}.Debug|x86.Build.0 = Debug|Any CPU
		{AC0EDC2F-7CED-44C5-A4D1-48EB260FF544}.Release|Any CPU.ActiveCfg = Release|Any CPU
		{AC0EDC2F-7CED-44C5-A4D1-48EB260FF544}.Release|Any CPU.Build.0 = Release|Any CPU
		{AC0EDC2F-7CED-44C5-A4D1-48EB260FF544}.Release|ARM.ActiveCfg = Release|Any CPU
		{AC0EDC2F-7CED-44C5-A4D1-48EB260FF544}.Release|ARM.Build.0 = Release|Any CPU
		{AC0EDC2F-7CED-44C5-A4D1-48EB260FF544}.Release|iPhone.ActiveCfg = Release|Any CPU
		{AC0EDC2F-7CED-44C5-A4D1-48EB260FF544}.Release|iPhone.Build.0 = Release|Any CPU
		{AC0EDC2F-7CED-44C5-A4D1-48EB260FF544}.Release|iPhoneSimulator.ActiveCfg = Release|Any CPU
		{AC0EDC2F-7CED-44C5-A4D1-48EB260FF544}.Release|iPhoneSimulator.Build.0 = Release|Any CPU
		{AC0EDC2F-7CED-44C5-A4D1-48EB260FF544}.Release|x64.ActiveCfg = Release|Any CPU
		{AC0EDC2F-7CED-44C5-A4D1-48EB260FF544}.Release|x64.Build.0 = Release|Any CPU
		{AC0EDC2F-7CED-44C5-A4D1-48EB260FF544}.Release|x86.ActiveCfg = Release|Any CPU
		{AC0EDC2F-7CED-44C5-A4D1-48EB260FF544}.Release|x86.Build.0 = Release|Any CPU
		{D37C24DB-359E-4B60-9AF7-BA2916D89B97}.Ad-Hoc|Any CPU.ActiveCfg = Release|Any CPU
		{D37C24DB-359E-4B60-9AF7-BA2916D89B97}.Ad-Hoc|Any CPU.Build.0 = Release|Any CPU
		{D37C24DB-359E-4B60-9AF7-BA2916D89B97}.Ad-Hoc|ARM.ActiveCfg = Release|Any CPU
		{D37C24DB-359E-4B60-9AF7-BA2916D89B97}.Ad-Hoc|ARM.Build.0 = Release|Any CPU
		{D37C24DB-359E-4B60-9AF7-BA2916D89B97}.Ad-Hoc|iPhone.ActiveCfg = Release|Any CPU
		{D37C24DB-359E-4B60-9AF7-BA2916D89B97}.Ad-Hoc|iPhone.Build.0 = Release|Any CPU
		{D37C24DB-359E-4B60-9AF7-BA2916D89B97}.Ad-Hoc|iPhoneSimulator.ActiveCfg = Release|Any CPU
		{D37C24DB-359E-4B60-9AF7-BA2916D89B97}.Ad-Hoc|iPhoneSimulator.Build.0 = Release|Any CPU
		{D37C24DB-359E-4B60-9AF7-BA2916D89B97}.Ad-Hoc|x64.ActiveCfg = Release|Any CPU
		{D37C24DB-359E-4B60-9AF7-BA2916D89B97}.Ad-Hoc|x64.Build.0 = Release|Any CPU
		{D37C24DB-359E-4B60-9AF7-BA2916D89B97}.Ad-Hoc|x86.ActiveCfg = Release|Any CPU
		{D37C24DB-359E-4B60-9AF7-BA2916D89B97}.Ad-Hoc|x86.Build.0 = Release|Any CPU
		{D37C24DB-359E-4B60-9AF7-BA2916D89B97}.AppStore|Any CPU.ActiveCfg = Release|Any CPU
		{D37C24DB-359E-4B60-9AF7-BA2916D89B97}.AppStore|Any CPU.Build.0 = Release|Any CPU
		{D37C24DB-359E-4B60-9AF7-BA2916D89B97}.AppStore|ARM.ActiveCfg = Release|Any CPU
		{D37C24DB-359E-4B60-9AF7-BA2916D89B97}.AppStore|ARM.Build.0 = Release|Any CPU
		{D37C24DB-359E-4B60-9AF7-BA2916D89B97}.AppStore|iPhone.ActiveCfg = Release|Any CPU
		{D37C24DB-359E-4B60-9AF7-BA2916D89B97}.AppStore|iPhone.Build.0 = Release|Any CPU
		{D37C24DB-359E-4B60-9AF7-BA2916D89B97}.AppStore|iPhoneSimulator.ActiveCfg = Release|Any CPU
		{D37C24DB-359E-4B60-9AF7-BA2916D89B97}.AppStore|iPhoneSimulator.Build.0 = Release|Any CPU
		{D37C24DB-359E-4B60-9AF7-BA2916D89B97}.AppStore|x64.ActiveCfg = Release|Any CPU
		{D37C24DB-359E-4B60-9AF7-BA2916D89B97}.AppStore|x64.Build.0 = Release|Any CPU
		{D37C24DB-359E-4B60-9AF7-BA2916D89B97}.AppStore|x86.ActiveCfg = Release|Any CPU
		{D37C24DB-359E-4B60-9AF7-BA2916D89B97}.AppStore|x86.Build.0 = Release|Any CPU
		{D37C24DB-359E-4B60-9AF7-BA2916D89B97}.Debug|Any CPU.ActiveCfg = Debug|Any CPU
		{D37C24DB-359E-4B60-9AF7-BA2916D89B97}.Debug|Any CPU.Build.0 = Debug|Any CPU
		{D37C24DB-359E-4B60-9AF7-BA2916D89B97}.Debug|ARM.ActiveCfg = Debug|Any CPU
		{D37C24DB-359E-4B60-9AF7-BA2916D89B97}.Debug|ARM.Build.0 = Debug|Any CPU
		{D37C24DB-359E-4B60-9AF7-BA2916D89B97}.Debug|iPhone.ActiveCfg = Debug|Any CPU
		{D37C24DB-359E-4B60-9AF7-BA2916D89B97}.Debug|iPhone.Build.0 = Debug|Any CPU
		{D37C24DB-359E-4B60-9AF7-BA2916D89B97}.Debug|iPhoneSimulator.ActiveCfg = Debug|Any CPU
		{D37C24DB-359E-4B60-9AF7-BA2916D89B97}.Debug|iPhoneSimulator.Build.0 = Debug|Any CPU
		{D37C24DB-359E-4B60-9AF7-BA2916D89B97}.Debug|x64.ActiveCfg = Debug|Any CPU
		{D37C24DB-359E-4B60-9AF7-BA2916D89B97}.Debug|x64.Build.0 = Debug|Any CPU
		{D37C24DB-359E-4B60-9AF7-BA2916D89B97}.Debug|x86.ActiveCfg = Debug|Any CPU
		{D37C24DB-359E-4B60-9AF7-BA2916D89B97}.Debug|x86.Build.0 = Debug|Any CPU
		{D37C24DB-359E-4B60-9AF7-BA2916D89B97}.Release|Any CPU.ActiveCfg = Release|Any CPU
		{D37C24DB-359E-4B60-9AF7-BA2916D89B97}.Release|Any CPU.Build.0 = Release|Any CPU
		{D37C24DB-359E-4B60-9AF7-BA2916D89B97}.Release|ARM.ActiveCfg = Release|Any CPU
		{D37C24DB-359E-4B60-9AF7-BA2916D89B97}.Release|ARM.Build.0 = Release|Any CPU
		{D37C24DB-359E-4B60-9AF7-BA2916D89B97}.Release|iPhone.ActiveCfg = Release|Any CPU
		{D37C24DB-359E-4B60-9AF7-BA2916D89B97}.Release|iPhone.Build.0 = Release|Any CPU
		{D37C24DB-359E-4B60-9AF7-BA2916D89B97}.Release|iPhoneSimulator.ActiveCfg = Release|Any CPU
		{D37C24DB-359E-4B60-9AF7-BA2916D89B97}.Release|iPhoneSimulator.Build.0 = Release|Any CPU
		{D37C24DB-359E-4B60-9AF7-BA2916D89B97}.Release|x64.ActiveCfg = Release|Any CPU
		{D37C24DB-359E-4B60-9AF7-BA2916D89B97}.Release|x64.Build.0 = Release|Any CPU
		{D37C24DB-359E-4B60-9AF7-BA2916D89B97}.Release|x86.ActiveCfg = Release|Any CPU
		{D37C24DB-359E-4B60-9AF7-BA2916D89B97}.Release|x86.Build.0 = Release|Any CPU
	EndGlobalSection
	GlobalSection(SolutionProperties) = preSolution
		HideSolutionNode = FALSE
	EndGlobalSection
	GlobalSection(ExtensibilityGlobals) = postSolution
		SolutionGuid = {1C48FB62-DDC3-4FD3-AD64-CCAA15E2139F}
	EndGlobalSection
EndGlobal
